// !$*UTF8*$!
{
	archiveVersion = 1;
	classes = {
	};
	objectVersion = 48;
	objects = {

/* Begin PBXBuildFile section */
		D2341312213F40AE00644E4C /* AppDelegate.m in Sources */ = {isa = PBXBuildFile; fileRef = D2341311213F40AE00644E4C /* AppDelegate.m */; };
		D2341315213F40AE00644E4C /* ViewController.m in Sources */ = {isa = PBXBuildFile; fileRef = D2341314213F40AE00644E4C /* ViewController.m */; };
		D2341318213F40AE00644E4C /* Main.storyboard in Resources */ = {isa = PBXBuildFile; fileRef = D2341316213F40AE00644E4C /* Main.storyboard */; };
		D234131A213F40AE00644E4C /* Assets.xcassets in Resources */ = {isa = PBXBuildFile; fileRef = D2341319213F40AE00644E4C /* Assets.xcassets */; };
		D234131D213F40AE00644E4C /* LaunchScreen.storyboard in Resources */ = {isa = PBXBuildFile; fileRef = D234131B213F40AE00644E4C /* LaunchScreen.storyboard */; };
		D2341320213F40AE00644E4C /* main.m in Sources */ = {isa = PBXBuildFile; fileRef = D234131F213F40AE00644E4C /* main.m */; };
		D23B17EC213F95740045BBD8 /* MASCompositeConstraint.m in Sources */ = {isa = PBXBuildFile; fileRef = D23B17D4213F95740045BBD8 /* MASCompositeConstraint.m */; };
		D23B17ED213F95740045BBD8 /* MASConstraint.m in Sources */ = {isa = PBXBuildFile; fileRef = D23B17D7213F95740045BBD8 /* MASConstraint.m */; };
		D23B17EE213F95740045BBD8 /* MASConstraintMaker.m in Sources */ = {isa = PBXBuildFile; fileRef = D23B17D9213F95740045BBD8 /* MASConstraintMaker.m */; };
		D23B17EF213F95740045BBD8 /* MASLayoutConstraint.m in Sources */ = {isa = PBXBuildFile; fileRef = D23B17DB213F95740045BBD8 /* MASLayoutConstraint.m */; };
		D23B17F0213F95740045BBD8 /* MASViewAttribute.m in Sources */ = {isa = PBXBuildFile; fileRef = D23B17DF213F95740045BBD8 /* MASViewAttribute.m */; };
		D23B17F1213F95740045BBD8 /* MASViewConstraint.m in Sources */ = {isa = PBXBuildFile; fileRef = D23B17E1213F95740045BBD8 /* MASViewConstraint.m */; };
		D23B17F2213F95740045BBD8 /* NSArray+MASAdditions.m in Sources */ = {isa = PBXBuildFile; fileRef = D23B17E3213F95740045BBD8 /* NSArray+MASAdditions.m */; };
		D23B17F3213F95740045BBD8 /* NSLayoutConstraint+MASDebugAdditions.m in Sources */ = {isa = PBXBuildFile; fileRef = D23B17E6213F95740045BBD8 /* NSLayoutConstraint+MASDebugAdditions.m */; };
		D23B17F4213F95740045BBD8 /* View+MASAdditions.m in Sources */ = {isa = PBXBuildFile; fileRef = D23B17E8213F95740045BBD8 /* View+MASAdditions.m */; };
		D23B17F5213F95740045BBD8 /* ViewController+MASAdditions.m in Sources */ = {isa = PBXBuildFile; fileRef = D23B17EB213F95740045BBD8 /* ViewController+MASAdditions.m */; };
		D23B1829213F9AEB0045BBD8 /* RD__HomeController.m in Sources */ = {isa = PBXBuildFile; fileRef = D23B1828213F9AEB0045BBD8 /* RD__HomeController.m */; };
		D23B182C213F9B830045BBD8 /* RD__RootController.m in Sources */ = {isa = PBXBuildFile; fileRef = D23B182B213F9B830045BBD8 /* RD__RootController.m */; };
		D23B182F213F9BAB0045BBD8 /* RD__MainController.m in Sources */ = {isa = PBXBuildFile; fileRef = D23B182E213F9BAB0045BBD8 /* RD__MainController.m */; };
		D23B1833213F9BE90045BBD8 /* RD__MainMenuView.m in Sources */ = {isa = PBXBuildFile; fileRef = D23B1832213F9BE90045BBD8 /* RD__MainMenuView.m */; };
		D23B1836213F9C180045BBD8 /* RD__MainMenuViewItem.m in Sources */ = {isa = PBXBuildFile; fileRef = D23B1835213F9C180045BBD8 /* RD__MainMenuViewItem.m */; };
		D23B183B213FAB9F0045BBD8 /* WebKit.framework in Frameworks */ = {isa = PBXBuildFile; fileRef = D23B183A213FAB9C0045BBD8 /* WebKit.framework */; };
		D23B183E213FADD90045BBD8 /* RD__QuestionBankController.m in Sources */ = {isa = PBXBuildFile; fileRef = D23B183D213FADD90045BBD8 /* RD__QuestionBankController.m */; };
		D23B1841213FAE030045BBD8 /* RD__LiveBroadcastController.m in Sources */ = {isa = PBXBuildFile; fileRef = D23B1840213FAE030045BBD8 /* RD__LiveBroadcastController.m */; };
		D23B1844213FAE230045BBD8 /* RD__CourseController.m in Sources */ = {isa = PBXBuildFile; fileRef = D23B1843213FAE230045BBD8 /* RD__CourseController.m */; };
		D23B1847213FAE410045BBD8 /* RD__MineController.m in Sources */ = {isa = PBXBuildFile; fileRef = D23B1846213FAE410045BBD8 /* RD__MineController.m */; };
		D23B184B213FAF3F0045BBD8 /* RD__HomeView.m in Sources */ = {isa = PBXBuildFile; fileRef = D23B184A213FAF3F0045BBD8 /* RD__HomeView.m */; };
		D23B184E213FB03C0045BBD8 /* RD__HomeCollectionReusableHeader.m in Sources */ = {isa = PBXBuildFile; fileRef = D23B184D213FB03C0045BBD8 /* RD__HomeCollectionReusableHeader.m */; };
		D23B1851213FB0810045BBD8 /* RD__HomeCollectionReusableActivity.m in Sources */ = {isa = PBXBuildFile; fileRef = D23B1850213FB0810045BBD8 /* RD__HomeCollectionReusableActivity.m */; };
		D23B1854213FB0D10045BBD8 /* RD__HomeCollectionReusableLiveBroadcastCalendar.m in Sources */ = {isa = PBXBuildFile; fileRef = D23B1853213FB0D10045BBD8 /* RD__HomeCollectionReusableLiveBroadcastCalendar.m */; };
		D23B1857213FB1060045BBD8 /* RD__HomeCollectionReusableRecommendLiveBroadcast.m in Sources */ = {isa = PBXBuildFile; fileRef = D23B1856213FB1060045BBD8 /* RD__HomeCollectionReusableRecommendLiveBroadcast.m */; };
		D23B185A213FB13A0045BBD8 /* RD__HomeCollectionReusableRecommendCourse.m in Sources */ = {isa = PBXBuildFile; fileRef = D23B1859213FB13A0045BBD8 /* RD__HomeCollectionReusableRecommendCourse.m */; };
		D23B185D213FB1790045BBD8 /* RD__HomeCollectionReusableTopActivities.m in Sources */ = {isa = PBXBuildFile; fileRef = D23B185C213FB1790045BBD8 /* RD__HomeCollectionReusableTopActivities.m */; };
		D24F8BDD214B53EE00DD74E7 /* RD__CourseView.m in Sources */ = {isa = PBXBuildFile; fileRef = D24F8BDC214B53EE00DD74E7 /* RD__CourseView.m */; };
		D24F8BE2214B54B500DD74E7 /* RD__SelectedCourseView.m in Sources */ = {isa = PBXBuildFile; fileRef = D24F8BE1214B54B500DD74E7 /* RD__SelectedCourseView.m */; };
		D24F8BE6214B54E200DD74E7 /* RD__SelectedCourseController.m in Sources */ = {isa = PBXBuildFile; fileRef = D24F8BE5214B54E200DD74E7 /* RD__SelectedCourseController.m */; };
		D24F8BE9214B55D200DD74E7 /* CourseTypeRequest.m in Sources */ = {isa = PBXBuildFile; fileRef = D24F8BE8214B55D200DD74E7 /* CourseTypeRequest.m */; };
		D26A96BE2147559100A63930 /* HomeUserOrderDetailsRequest.m in Sources */ = {isa = PBXBuildFile; fileRef = D26A96BD2147559100A63930 /* HomeUserOrderDetailsRequest.m */; };
		D26A96C121475CFC00A63930 /* HomeActityRecommendListRequest.m in Sources */ = {isa = PBXBuildFile; fileRef = D26A96C021475CFC00A63930 /* HomeActityRecommendListRequest.m */; };
		D26A96C4214760DC00A63930 /* RD__HomeCollectionReusableActivityCell.m in Sources */ = {isa = PBXBuildFile; fileRef = D26A96C3214760DC00A63930 /* RD__HomeCollectionReusableActivityCell.m */; };
		D272D953214764F6004606DA /* RD__WebDetailController.m in Sources */ = {isa = PBXBuildFile; fileRef = D272D952214764F6004606DA /* RD__WebDetailController.m */; };
		D272D956214766A1004606DA /* HomeActityListRequest.m in Sources */ = {isa = PBXBuildFile; fileRef = D272D955214766A1004606DA /* HomeActityListRequest.m */; };
		D272D95921476861004606DA /* RD__HomeCollectionReusableTopActivitiesCell.m in Sources */ = {isa = PBXBuildFile; fileRef = D272D95821476861004606DA /* RD__HomeCollectionReusableTopActivitiesCell.m */; };
		D272D95D21477035004606DA /* RD__ActityListController.m in Sources */ = {isa = PBXBuildFile; fileRef = D272D95C21477035004606DA /* RD__ActityListController.m */; };
		D272D9612147706F004606DA /* RD__ActityListView.m in Sources */ = {isa = PBXBuildFile; fileRef = D272D9602147706F004606DA /* RD__ActityListView.m */; };
		D2902B8821435AC200700C00 /* CommonMainMenuViewItem.m in Sources */ = {isa = PBXBuildFile; fileRef = D2902B8621435AC100700C00 /* CommonMainMenuViewItem.m */; };
		D2902B8921435AC200700C00 /* CommonMainMenuView.m in Sources */ = {isa = PBXBuildFile; fileRef = D2902B8721435AC200700C00 /* CommonMainMenuView.m */; };
		D2902B8E21435ACF00700C00 /* CommonMainController.m in Sources */ = {isa = PBXBuildFile; fileRef = D2902B8B21435ACE00700C00 /* CommonMainController.m */; };
		D2902B8F21435ACF00700C00 /* CommonRootController.m in Sources */ = {isa = PBXBuildFile; fileRef = D2902B8D21435ACF00700C00 /* CommonRootController.m */; };
		D2902BEC2143631400700C00 /* MJRefreshAutoFooter.m in Sources */ = {isa = PBXBuildFile; fileRef = D2902B972143631300700C00 /* MJRefreshAutoFooter.m */; };
		D2902BED2143631400700C00 /* MJRefreshBackFooter.m in Sources */ = {isa = PBXBuildFile; fileRef = D2902B992143631300700C00 /* MJRefreshBackFooter.m */; };
		D2902BEE2143631400700C00 /* MJRefreshComponent.m in Sources */ = {isa = PBXBuildFile; fileRef = D2902B9B2143631300700C00 /* MJRefreshComponent.m */; };
		D2902BEF2143631400700C00 /* MJRefreshFooter.m in Sources */ = {isa = PBXBuildFile; fileRef = D2902B9D2143631300700C00 /* MJRefreshFooter.m */; };
		D2902BF02143631400700C00 /* MJRefreshHeader.m in Sources */ = {isa = PBXBuildFile; fileRef = D2902B9F2143631300700C00 /* MJRefreshHeader.m */; };
		D2902BF12143631400700C00 /* MJRefreshAutoGifFooter.m in Sources */ = {isa = PBXBuildFile; fileRef = D2902BA42143631300700C00 /* MJRefreshAutoGifFooter.m */; };
		D2902BF22143631400700C00 /* MJRefreshAutoNormalFooter.m in Sources */ = {isa = PBXBuildFile; fileRef = D2902BA62143631300700C00 /* MJRefreshAutoNormalFooter.m */; };
		D2902BF32143631400700C00 /* MJRefreshAutoStateFooter.m in Sources */ = {isa = PBXBuildFile; fileRef = D2902BA82143631300700C00 /* MJRefreshAutoStateFooter.m */; };
		D2902BF42143631400700C00 /* MJRefreshBackGifFooter.m in Sources */ = {isa = PBXBuildFile; fileRef = D2902BAB2143631300700C00 /* MJRefreshBackGifFooter.m */; };
		D2902BF52143631400700C00 /* MJRefreshBackNormalFooter.m in Sources */ = {isa = PBXBuildFile; fileRef = D2902BAD2143631300700C00 /* MJRefreshBackNormalFooter.m */; };
		D2902BF62143631400700C00 /* MJRefreshBackStateFooter.m in Sources */ = {isa = PBXBuildFile; fileRef = D2902BAF2143631300700C00 /* MJRefreshBackStateFooter.m */; };
		D2902BF72143631400700C00 /* MJRefreshGifHeader.m in Sources */ = {isa = PBXBuildFile; fileRef = D2902BB22143631300700C00 /* MJRefreshGifHeader.m */; };
		D2902BF82143631400700C00 /* MJRefreshNormalHeader.m in Sources */ = {isa = PBXBuildFile; fileRef = D2902BB42143631300700C00 /* MJRefreshNormalHeader.m */; };
		D2902BF92143631400700C00 /* MJRefreshStateHeader.m in Sources */ = {isa = PBXBuildFile; fileRef = D2902BB62143631300700C00 /* MJRefreshStateHeader.m */; };
		D2902BFA2143631400700C00 /* MJRefresh.bundle in Resources */ = {isa = PBXBuildFile; fileRef = D2902BB72143631300700C00 /* MJRefresh.bundle */; };
		D2902BFB2143631400700C00 /* MJRefreshConst.m in Sources */ = {isa = PBXBuildFile; fileRef = D2902BBA2143631300700C00 /* MJRefreshConst.m */; };
		D2902BFC2143631400700C00 /* NSBundle+MJRefresh.m in Sources */ = {isa = PBXBuildFile; fileRef = D2902BBC2143631300700C00 /* NSBundle+MJRefresh.m */; };
		D2902BFD2143631400700C00 /* UIScrollView+MJExtension.m in Sources */ = {isa = PBXBuildFile; fileRef = D2902BBE2143631300700C00 /* UIScrollView+MJExtension.m */; };
		D2902BFE2143631400700C00 /* UIScrollView+MJRefresh.m in Sources */ = {isa = PBXBuildFile; fileRef = D2902BC02143631300700C00 /* UIScrollView+MJRefresh.m */; };
		D2902BFF2143631400700C00 /* UIView+MJExtension.m in Sources */ = {isa = PBXBuildFile; fileRef = D2902BC22143631300700C00 /* UIView+MJExtension.m */; };
		D2902C002143631400700C00 /* YYCache.m in Sources */ = {isa = PBXBuildFile; fileRef = D2902BC62143631400700C00 /* YYCache.m */; };
		D2902C012143631400700C00 /* YYDiskCache.m in Sources */ = {isa = PBXBuildFile; fileRef = D2902BC82143631400700C00 /* YYDiskCache.m */; };
		D2902C022143631400700C00 /* YYKVStorage.m in Sources */ = {isa = PBXBuildFile; fileRef = D2902BCA2143631400700C00 /* YYKVStorage.m */; };
		D2902C032143631400700C00 /* YYMemoryCache.m in Sources */ = {isa = PBXBuildFile; fileRef = D2902BCC2143631400700C00 /* YYMemoryCache.m */; };
		D2902C042143631400700C00 /* _YYWebImageSetter.m in Sources */ = {isa = PBXBuildFile; fileRef = D2902BCF2143631400700C00 /* _YYWebImageSetter.m */; };
		D2902C052143631400700C00 /* CALayer+YYWebImage.m in Sources */ = {isa = PBXBuildFile; fileRef = D2902BD12143631400700C00 /* CALayer+YYWebImage.m */; };
		D2902C062143631400700C00 /* MKAnnotationView+YYWebImage.m in Sources */ = {isa = PBXBuildFile; fileRef = D2902BD32143631400700C00 /* MKAnnotationView+YYWebImage.m */; };
		D2902C072143631400700C00 /* UIButton+YYWebImage.m in Sources */ = {isa = PBXBuildFile; fileRef = D2902BD52143631400700C00 /* UIButton+YYWebImage.m */; };
		D2902C082143631400700C00 /* UIImage+YYWebImage.m in Sources */ = {isa = PBXBuildFile; fileRef = D2902BD72143631400700C00 /* UIImage+YYWebImage.m */; };
		D2902C092143631400700C00 /* UIImageView+YYWebImage.m in Sources */ = {isa = PBXBuildFile; fileRef = D2902BD92143631400700C00 /* UIImageView+YYWebImage.m */; };
		D2902C0A2143631400700C00 /* YYAnimatedImageView.m in Sources */ = {isa = PBXBuildFile; fileRef = D2902BDC2143631400700C00 /* YYAnimatedImageView.m */; };
		D2902C0B2143631400700C00 /* YYFrameImage.m in Sources */ = {isa = PBXBuildFile; fileRef = D2902BDE2143631400700C00 /* YYFrameImage.m */; };
		D2902C0C2143631400700C00 /* YYImage.m in Sources */ = {isa = PBXBuildFile; fileRef = D2902BE02143631400700C00 /* YYImage.m */; };
		D2902C0D2143631400700C00 /* YYImageCoder.m in Sources */ = {isa = PBXBuildFile; fileRef = D2902BE22143631400700C00 /* YYImageCoder.m */; };
		D2902C0E2143631400700C00 /* YYSpriteSheetImage.m in Sources */ = {isa = PBXBuildFile; fileRef = D2902BE42143631400700C00 /* YYSpriteSheetImage.m */; };
		D2902C0F2143631400700C00 /* YYImageCache.m in Sources */ = {isa = PBXBuildFile; fileRef = D2902BE62143631400700C00 /* YYImageCache.m */; };
		D2902C102143631400700C00 /* YYWebImageManager.m in Sources */ = {isa = PBXBuildFile; fileRef = D2902BE92143631400700C00 /* YYWebImageManager.m */; };
		D2902C112143631400700C00 /* YYWebImageOperation.m in Sources */ = {isa = PBXBuildFile; fileRef = D2902BEB2143631400700C00 /* YYWebImageOperation.m */; };
		D2A43B6221D29755005C69D8 /* MainNavigationController.m in Sources */ = {isa = PBXBuildFile; fileRef = D2A43B6121D29755005C69D8 /* MainNavigationController.m */; };
		D2A43B6521D2976A005C69D8 /* MainTabBarController.m in Sources */ = {isa = PBXBuildFile; fileRef = D2A43B6421D2976A005C69D8 /* MainTabBarController.m */; };
		D2A43B6821D29780005C69D8 /* MainBoxController.m in Sources */ = {isa = PBXBuildFile; fileRef = D2A43B6721D29780005C69D8 /* MainBoxController.m */; };
		D2A43B7A21D29852005C69D8 /* YCMineVC.m in Sources */ = {isa = PBXBuildFile; fileRef = D2A43B7921D29852005C69D8 /* YCMineVC.m */; };
		D2A43B7D21D29871005C69D8 /* YCCourseVC.m in Sources */ = {isa = PBXBuildFile; fileRef = D2A43B7C21D29871005C69D8 /* YCCourseVC.m */; };
		D2A43B8021D298A2005C69D8 /* YCLiveVC.m in Sources */ = {isa = PBXBuildFile; fileRef = D2A43B7F21D298A2005C69D8 /* YCLiveVC.m */; };
		D2A43B8321D298C6005C69D8 /* YCQuestionBankVC.m in Sources */ = {isa = PBXBuildFile; fileRef = D2A43B8221D298C6005C69D8 /* YCQuestionBankVC.m */; };
		D2A43B8621D298D4005C69D8 /* YCHomeVC.m in Sources */ = {isa = PBXBuildFile; fileRef = D2A43B8521D298D4005C69D8 /* YCHomeVC.m */; };
		D2A43B8921D29D31005C69D8 /* YCQuestionBankView.m in Sources */ = {isa = PBXBuildFile; fileRef = D2A43B8821D29D31005C69D8 /* YCQuestionBankView.m */; };
		D2AAD3742159FDB000765B92 /* libstdc++.6.0.9.tbd in Frameworks */ = {isa = PBXBuildFile; fileRef = D2AAD3732159FDB000765B92 /* libstdc++.6.0.9.tbd */; };
		D2FA118521D30F6A001A9713 /* LQSKit.framework in Frameworks */ = {isa = PBXBuildFile; fileRef = D2FA118421D30F6A001A9713 /* LQSKit.framework */; };
/* End PBXBuildFile section */

/* Begin PBXFileReference section */
		D234130D213F40AE00644E4C /* RDKaoYaoShi.app */ = {isa = PBXFileReference; explicitFileType = wrapper.application; includeInIndex = 0; path = RDKaoYaoShi.app; sourceTree = BUILT_PRODUCTS_DIR; };
		D2341310213F40AE00644E4C /* AppDelegate.h */ = {isa = PBXFileReference; lastKnownFileType = sourcecode.c.h; path = AppDelegate.h; sourceTree = "<group>"; };
		D2341311213F40AE00644E4C /* AppDelegate.m */ = {isa = PBXFileReference; lastKnownFileType = sourcecode.c.objc; path = AppDelegate.m; sourceTree = "<group>"; };
		D2341313213F40AE00644E4C /* ViewController.h */ = {isa = PBXFileReference; lastKnownFileType = sourcecode.c.h; path = ViewController.h; sourceTree = "<group>"; };
		D2341314213F40AE00644E4C /* ViewController.m */ = {isa = PBXFileReference; lastKnownFileType = sourcecode.c.objc; path = ViewController.m; sourceTree = "<group>"; };
		D2341317213F40AE00644E4C /* Base */ = {isa = PBXFileReference; lastKnownFileType = file.storyboard; name = Base; path = Base.lproj/Main.storyboard; sourceTree = "<group>"; };
		D2341319213F40AE00644E4C /* Assets.xcassets */ = {isa = PBXFileReference; lastKnownFileType = folder.assetcatalog; path = Assets.xcassets; sourceTree = "<group>"; };
		D234131C213F40AE00644E4C /* Base */ = {isa = PBXFileReference; lastKnownFileType = file.storyboard; name = Base; path = Base.lproj/LaunchScreen.storyboard; sourceTree = "<group>"; };
		D234131E213F40AE00644E4C /* Info.plist */ = {isa = PBXFileReference; lastKnownFileType = text.plist.xml; path = Info.plist; sourceTree = "<group>"; };
		D234131F213F40AE00644E4C /* main.m */ = {isa = PBXFileReference; lastKnownFileType = sourcecode.c.objc; path = main.m; sourceTree = "<group>"; };
		D23B17D1213F954C0045BBD8 /* KaoYaoShiPrefixHeader.pch */ = {isa = PBXFileReference; lastKnownFileType = sourcecode.c.h; path = KaoYaoShiPrefixHeader.pch; sourceTree = "<group>"; };
		D23B17D3213F95740045BBD8 /* MASCompositeConstraint.h */ = {isa = PBXFileReference; fileEncoding = 4; lastKnownFileType = sourcecode.c.h; path = MASCompositeConstraint.h; sourceTree = "<group>"; };
		D23B17D4213F95740045BBD8 /* MASCompositeConstraint.m */ = {isa = PBXFileReference; fileEncoding = 4; lastKnownFileType = sourcecode.c.objc; path = MASCompositeConstraint.m; sourceTree = "<group>"; };
		D23B17D5213F95740045BBD8 /* MASConstraint+Private.h */ = {isa = PBXFileReference; fileEncoding = 4; lastKnownFileType = sourcecode.c.h; path = "MASConstraint+Private.h"; sourceTree = "<group>"; };
		D23B17D6213F95740045BBD8 /* MASConstraint.h */ = {isa = PBXFileReference; fileEncoding = 4; lastKnownFileType = sourcecode.c.h; path = MASConstraint.h; sourceTree = "<group>"; };
		D23B17D7213F95740045BBD8 /* MASConstraint.m */ = {isa = PBXFileReference; fileEncoding = 4; lastKnownFileType = sourcecode.c.objc; path = MASConstraint.m; sourceTree = "<group>"; };
		D23B17D8213F95740045BBD8 /* MASConstraintMaker.h */ = {isa = PBXFileReference; fileEncoding = 4; lastKnownFileType = sourcecode.c.h; path = MASConstraintMaker.h; sourceTree = "<group>"; };
		D23B17D9213F95740045BBD8 /* MASConstraintMaker.m */ = {isa = PBXFileReference; fileEncoding = 4; lastKnownFileType = sourcecode.c.objc; path = MASConstraintMaker.m; sourceTree = "<group>"; };
		D23B17DA213F95740045BBD8 /* MASLayoutConstraint.h */ = {isa = PBXFileReference; fileEncoding = 4; lastKnownFileType = sourcecode.c.h; path = MASLayoutConstraint.h; sourceTree = "<group>"; };
		D23B17DB213F95740045BBD8 /* MASLayoutConstraint.m */ = {isa = PBXFileReference; fileEncoding = 4; lastKnownFileType = sourcecode.c.objc; path = MASLayoutConstraint.m; sourceTree = "<group>"; };
		D23B17DC213F95740045BBD8 /* Masonry.h */ = {isa = PBXFileReference; fileEncoding = 4; lastKnownFileType = sourcecode.c.h; path = Masonry.h; sourceTree = "<group>"; };
		D23B17DD213F95740045BBD8 /* MASUtilities.h */ = {isa = PBXFileReference; fileEncoding = 4; lastKnownFileType = sourcecode.c.h; path = MASUtilities.h; sourceTree = "<group>"; };
		D23B17DE213F95740045BBD8 /* MASViewAttribute.h */ = {isa = PBXFileReference; fileEncoding = 4; lastKnownFileType = sourcecode.c.h; path = MASViewAttribute.h; sourceTree = "<group>"; };
		D23B17DF213F95740045BBD8 /* MASViewAttribute.m */ = {isa = PBXFileReference; fileEncoding = 4; lastKnownFileType = sourcecode.c.objc; path = MASViewAttribute.m; sourceTree = "<group>"; };
		D23B17E0213F95740045BBD8 /* MASViewConstraint.h */ = {isa = PBXFileReference; fileEncoding = 4; lastKnownFileType = sourcecode.c.h; path = MASViewConstraint.h; sourceTree = "<group>"; };
		D23B17E1213F95740045BBD8 /* MASViewConstraint.m */ = {isa = PBXFileReference; fileEncoding = 4; lastKnownFileType = sourcecode.c.objc; path = MASViewConstraint.m; sourceTree = "<group>"; };
		D23B17E2213F95740045BBD8 /* NSArray+MASAdditions.h */ = {isa = PBXFileReference; fileEncoding = 4; lastKnownFileType = sourcecode.c.h; path = "NSArray+MASAdditions.h"; sourceTree = "<group>"; };
		D23B17E3213F95740045BBD8 /* NSArray+MASAdditions.m */ = {isa = PBXFileReference; fileEncoding = 4; lastKnownFileType = sourcecode.c.objc; path = "NSArray+MASAdditions.m"; sourceTree = "<group>"; };
		D23B17E4213F95740045BBD8 /* NSArray+MASShorthandAdditions.h */ = {isa = PBXFileReference; fileEncoding = 4; lastKnownFileType = sourcecode.c.h; path = "NSArray+MASShorthandAdditions.h"; sourceTree = "<group>"; };
		D23B17E5213F95740045BBD8 /* NSLayoutConstraint+MASDebugAdditions.h */ = {isa = PBXFileReference; fileEncoding = 4; lastKnownFileType = sourcecode.c.h; path = "NSLayoutConstraint+MASDebugAdditions.h"; sourceTree = "<group>"; };
		D23B17E6213F95740045BBD8 /* NSLayoutConstraint+MASDebugAdditions.m */ = {isa = PBXFileReference; fileEncoding = 4; lastKnownFileType = sourcecode.c.objc; path = "NSLayoutConstraint+MASDebugAdditions.m"; sourceTree = "<group>"; };
		D23B17E7213F95740045BBD8 /* View+MASAdditions.h */ = {isa = PBXFileReference; fileEncoding = 4; lastKnownFileType = sourcecode.c.h; path = "View+MASAdditions.h"; sourceTree = "<group>"; };
		D23B17E8213F95740045BBD8 /* View+MASAdditions.m */ = {isa = PBXFileReference; fileEncoding = 4; lastKnownFileType = sourcecode.c.objc; path = "View+MASAdditions.m"; sourceTree = "<group>"; };
		D23B17E9213F95740045BBD8 /* View+MASShorthandAdditions.h */ = {isa = PBXFileReference; fileEncoding = 4; lastKnownFileType = sourcecode.c.h; path = "View+MASShorthandAdditions.h"; sourceTree = "<group>"; };
		D23B17EA213F95740045BBD8 /* ViewController+MASAdditions.h */ = {isa = PBXFileReference; fileEncoding = 4; lastKnownFileType = sourcecode.c.h; path = "ViewController+MASAdditions.h"; sourceTree = "<group>"; };
		D23B17EB213F95740045BBD8 /* ViewController+MASAdditions.m */ = {isa = PBXFileReference; fileEncoding = 4; lastKnownFileType = sourcecode.c.objc; path = "ViewController+MASAdditions.m"; sourceTree = "<group>"; };
		D23B1827213F9AEB0045BBD8 /* RD__HomeController.h */ = {isa = PBXFileReference; lastKnownFileType = sourcecode.c.h; path = RD__HomeController.h; sourceTree = "<group>"; };
		D23B1828213F9AEB0045BBD8 /* RD__HomeController.m */ = {isa = PBXFileReference; lastKnownFileType = sourcecode.c.objc; path = RD__HomeController.m; sourceTree = "<group>"; };
		D23B182A213F9B830045BBD8 /* RD__RootController.h */ = {isa = PBXFileReference; lastKnownFileType = sourcecode.c.h; path = RD__RootController.h; sourceTree = "<group>"; };
		D23B182B213F9B830045BBD8 /* RD__RootController.m */ = {isa = PBXFileReference; lastKnownFileType = sourcecode.c.objc; path = RD__RootController.m; sourceTree = "<group>"; };
		D23B182D213F9BAB0045BBD8 /* RD__MainController.h */ = {isa = PBXFileReference; lastKnownFileType = sourcecode.c.h; path = RD__MainController.h; sourceTree = "<group>"; };
		D23B182E213F9BAB0045BBD8 /* RD__MainController.m */ = {isa = PBXFileReference; lastKnownFileType = sourcecode.c.objc; path = RD__MainController.m; sourceTree = "<group>"; };
		D23B1831213F9BE90045BBD8 /* RD__MainMenuView.h */ = {isa = PBXFileReference; lastKnownFileType = sourcecode.c.h; path = RD__MainMenuView.h; sourceTree = "<group>"; };
		D23B1832213F9BE90045BBD8 /* RD__MainMenuView.m */ = {isa = PBXFileReference; lastKnownFileType = sourcecode.c.objc; path = RD__MainMenuView.m; sourceTree = "<group>"; };
		D23B1834213F9C180045BBD8 /* RD__MainMenuViewItem.h */ = {isa = PBXFileReference; lastKnownFileType = sourcecode.c.h; path = RD__MainMenuViewItem.h; sourceTree = "<group>"; };
		D23B1835213F9C180045BBD8 /* RD__MainMenuViewItem.m */ = {isa = PBXFileReference; lastKnownFileType = sourcecode.c.objc; path = RD__MainMenuViewItem.m; sourceTree = "<group>"; };
		D23B183A213FAB9C0045BBD8 /* WebKit.framework */ = {isa = PBXFileReference; lastKnownFileType = wrapper.framework; name = WebKit.framework; path = System/Library/Frameworks/WebKit.framework; sourceTree = SDKROOT; };
		D23B183C213FADD90045BBD8 /* RD__QuestionBankController.h */ = {isa = PBXFileReference; lastKnownFileType = sourcecode.c.h; path = RD__QuestionBankController.h; sourceTree = "<group>"; };
		D23B183D213FADD90045BBD8 /* RD__QuestionBankController.m */ = {isa = PBXFileReference; lastKnownFileType = sourcecode.c.objc; path = RD__QuestionBankController.m; sourceTree = "<group>"; };
		D23B183F213FAE030045BBD8 /* RD__LiveBroadcastController.h */ = {isa = PBXFileReference; lastKnownFileType = sourcecode.c.h; path = RD__LiveBroadcastController.h; sourceTree = "<group>"; };
		D23B1840213FAE030045BBD8 /* RD__LiveBroadcastController.m */ = {isa = PBXFileReference; lastKnownFileType = sourcecode.c.objc; path = RD__LiveBroadcastController.m; sourceTree = "<group>"; };
		D23B1842213FAE230045BBD8 /* RD__CourseController.h */ = {isa = PBXFileReference; lastKnownFileType = sourcecode.c.h; path = RD__CourseController.h; sourceTree = "<group>"; };
		D23B1843213FAE230045BBD8 /* RD__CourseController.m */ = {isa = PBXFileReference; lastKnownFileType = sourcecode.c.objc; path = RD__CourseController.m; sourceTree = "<group>"; };
		D23B1845213FAE410045BBD8 /* RD__MineController.h */ = {isa = PBXFileReference; lastKnownFileType = sourcecode.c.h; path = RD__MineController.h; sourceTree = "<group>"; };
		D23B1846213FAE410045BBD8 /* RD__MineController.m */ = {isa = PBXFileReference; lastKnownFileType = sourcecode.c.objc; path = RD__MineController.m; sourceTree = "<group>"; };
		D23B1849213FAF3F0045BBD8 /* RD__HomeView.h */ = {isa = PBXFileReference; lastKnownFileType = sourcecode.c.h; path = RD__HomeView.h; sourceTree = "<group>"; };
		D23B184A213FAF3F0045BBD8 /* RD__HomeView.m */ = {isa = PBXFileReference; lastKnownFileType = sourcecode.c.objc; path = RD__HomeView.m; sourceTree = "<group>"; };
		D23B184C213FB03C0045BBD8 /* RD__HomeCollectionReusableHeader.h */ = {isa = PBXFileReference; lastKnownFileType = sourcecode.c.h; path = RD__HomeCollectionReusableHeader.h; sourceTree = "<group>"; };
		D23B184D213FB03C0045BBD8 /* RD__HomeCollectionReusableHeader.m */ = {isa = PBXFileReference; lastKnownFileType = sourcecode.c.objc; path = RD__HomeCollectionReusableHeader.m; sourceTree = "<group>"; };
		D23B184F213FB0810045BBD8 /* RD__HomeCollectionReusableActivity.h */ = {isa = PBXFileReference; lastKnownFileType = sourcecode.c.h; path = RD__HomeCollectionReusableActivity.h; sourceTree = "<group>"; };
		D23B1850213FB0810045BBD8 /* RD__HomeCollectionReusableActivity.m */ = {isa = PBXFileReference; lastKnownFileType = sourcecode.c.objc; path = RD__HomeCollectionReusableActivity.m; sourceTree = "<group>"; };
		D23B1852213FB0D10045BBD8 /* RD__HomeCollectionReusableLiveBroadcastCalendar.h */ = {isa = PBXFileReference; lastKnownFileType = sourcecode.c.h; path = RD__HomeCollectionReusableLiveBroadcastCalendar.h; sourceTree = "<group>"; };
		D23B1853213FB0D10045BBD8 /* RD__HomeCollectionReusableLiveBroadcastCalendar.m */ = {isa = PBXFileReference; lastKnownFileType = sourcecode.c.objc; path = RD__HomeCollectionReusableLiveBroadcastCalendar.m; sourceTree = "<group>"; };
		D23B1855213FB1060045BBD8 /* RD__HomeCollectionReusableRecommendLiveBroadcast.h */ = {isa = PBXFileReference; lastKnownFileType = sourcecode.c.h; path = RD__HomeCollectionReusableRecommendLiveBroadcast.h; sourceTree = "<group>"; };
		D23B1856213FB1060045BBD8 /* RD__HomeCollectionReusableRecommendLiveBroadcast.m */ = {isa = PBXFileReference; lastKnownFileType = sourcecode.c.objc; path = RD__HomeCollectionReusableRecommendLiveBroadcast.m; sourceTree = "<group>"; };
		D23B1858213FB13A0045BBD8 /* RD__HomeCollectionReusableRecommendCourse.h */ = {isa = PBXFileReference; lastKnownFileType = sourcecode.c.h; path = RD__HomeCollectionReusableRecommendCourse.h; sourceTree = "<group>"; };
		D23B1859213FB13A0045BBD8 /* RD__HomeCollectionReusableRecommendCourse.m */ = {isa = PBXFileReference; lastKnownFileType = sourcecode.c.objc; path = RD__HomeCollectionReusableRecommendCourse.m; sourceTree = "<group>"; };
		D23B185B213FB1790045BBD8 /* RD__HomeCollectionReusableTopActivities.h */ = {isa = PBXFileReference; lastKnownFileType = sourcecode.c.h; path = RD__HomeCollectionReusableTopActivities.h; sourceTree = "<group>"; };
		D23B185C213FB1790045BBD8 /* RD__HomeCollectionReusableTopActivities.m */ = {isa = PBXFileReference; lastKnownFileType = sourcecode.c.objc; path = RD__HomeCollectionReusableTopActivities.m; sourceTree = "<group>"; };
		D24F8BDB214B53EE00DD74E7 /* RD__CourseView.h */ = {isa = PBXFileReference; lastKnownFileType = sourcecode.c.h; path = RD__CourseView.h; sourceTree = "<group>"; };
		D24F8BDC214B53EE00DD74E7 /* RD__CourseView.m */ = {isa = PBXFileReference; lastKnownFileType = sourcecode.c.objc; path = RD__CourseView.m; sourceTree = "<group>"; };
		D24F8BE0214B54B500DD74E7 /* RD__SelectedCourseView.h */ = {isa = PBXFileReference; lastKnownFileType = sourcecode.c.h; path = RD__SelectedCourseView.h; sourceTree = "<group>"; };
		D24F8BE1214B54B500DD74E7 /* RD__SelectedCourseView.m */ = {isa = PBXFileReference; lastKnownFileType = sourcecode.c.objc; path = RD__SelectedCourseView.m; sourceTree = "<group>"; };
		D24F8BE4214B54E200DD74E7 /* RD__SelectedCourseController.h */ = {isa = PBXFileReference; lastKnownFileType = sourcecode.c.h; path = RD__SelectedCourseController.h; sourceTree = "<group>"; };
		D24F8BE5214B54E200DD74E7 /* RD__SelectedCourseController.m */ = {isa = PBXFileReference; lastKnownFileType = sourcecode.c.objc; path = RD__SelectedCourseController.m; sourceTree = "<group>"; };
		D24F8BE7214B55D200DD74E7 /* CourseTypeRequest.h */ = {isa = PBXFileReference; lastKnownFileType = sourcecode.c.h; path = CourseTypeRequest.h; sourceTree = "<group>"; };
		D24F8BE8214B55D200DD74E7 /* CourseTypeRequest.m */ = {isa = PBXFileReference; lastKnownFileType = sourcecode.c.objc; path = CourseTypeRequest.m; sourceTree = "<group>"; };
		D26A96BC2147559100A63930 /* HomeUserOrderDetailsRequest.h */ = {isa = PBXFileReference; lastKnownFileType = sourcecode.c.h; path = HomeUserOrderDetailsRequest.h; sourceTree = "<group>"; };
		D26A96BD2147559100A63930 /* HomeUserOrderDetailsRequest.m */ = {isa = PBXFileReference; lastKnownFileType = sourcecode.c.objc; path = HomeUserOrderDetailsRequest.m; sourceTree = "<group>"; };
		D26A96BF21475CFC00A63930 /* HomeActityRecommendListRequest.h */ = {isa = PBXFileReference; lastKnownFileType = sourcecode.c.h; path = HomeActityRecommendListRequest.h; sourceTree = "<group>"; };
		D26A96C021475CFC00A63930 /* HomeActityRecommendListRequest.m */ = {isa = PBXFileReference; lastKnownFileType = sourcecode.c.objc; path = HomeActityRecommendListRequest.m; sourceTree = "<group>"; };
		D26A96C2214760DC00A63930 /* RD__HomeCollectionReusableActivityCell.h */ = {isa = PBXFileReference; lastKnownFileType = sourcecode.c.h; path = RD__HomeCollectionReusableActivityCell.h; sourceTree = "<group>"; };
		D26A96C3214760DC00A63930 /* RD__HomeCollectionReusableActivityCell.m */ = {isa = PBXFileReference; lastKnownFileType = sourcecode.c.objc; path = RD__HomeCollectionReusableActivityCell.m; sourceTree = "<group>"; };
		D272D951214764F6004606DA /* RD__WebDetailController.h */ = {isa = PBXFileReference; lastKnownFileType = sourcecode.c.h; path = RD__WebDetailController.h; sourceTree = "<group>"; };
		D272D952214764F6004606DA /* RD__WebDetailController.m */ = {isa = PBXFileReference; lastKnownFileType = sourcecode.c.objc; path = RD__WebDetailController.m; sourceTree = "<group>"; };
		D272D954214766A1004606DA /* HomeActityListRequest.h */ = {isa = PBXFileReference; lastKnownFileType = sourcecode.c.h; path = HomeActityListRequest.h; sourceTree = "<group>"; };
		D272D955214766A1004606DA /* HomeActityListRequest.m */ = {isa = PBXFileReference; lastKnownFileType = sourcecode.c.objc; path = HomeActityListRequest.m; sourceTree = "<group>"; };
		D272D95721476861004606DA /* RD__HomeCollectionReusableTopActivitiesCell.h */ = {isa = PBXFileReference; lastKnownFileType = sourcecode.c.h; path = RD__HomeCollectionReusableTopActivitiesCell.h; sourceTree = "<group>"; };
		D272D95821476861004606DA /* RD__HomeCollectionReusableTopActivitiesCell.m */ = {isa = PBXFileReference; lastKnownFileType = sourcecode.c.objc; path = RD__HomeCollectionReusableTopActivitiesCell.m; sourceTree = "<group>"; };
		D272D95B21477035004606DA /* RD__ActityListController.h */ = {isa = PBXFileReference; lastKnownFileType = sourcecode.c.h; path = RD__ActityListController.h; sourceTree = "<group>"; };
		D272D95C21477035004606DA /* RD__ActityListController.m */ = {isa = PBXFileReference; lastKnownFileType = sourcecode.c.objc; path = RD__ActityListController.m; sourceTree = "<group>"; };
		D272D95F2147706F004606DA /* RD__ActityListView.h */ = {isa = PBXFileReference; lastKnownFileType = sourcecode.c.h; path = RD__ActityListView.h; sourceTree = "<group>"; };
		D272D9602147706F004606DA /* RD__ActityListView.m */ = {isa = PBXFileReference; lastKnownFileType = sourcecode.c.objc; path = RD__ActityListView.m; sourceTree = "<group>"; };
		D2902B8421435AC100700C00 /* CommonMainMenuViewItem.h */ = {isa = PBXFileReference; fileEncoding = 4; lastKnownFileType = sourcecode.c.h; path = CommonMainMenuViewItem.h; sourceTree = "<group>"; };
		D2902B8521435AC100700C00 /* CommonMainMenuView.h */ = {isa = PBXFileReference; fileEncoding = 4; lastKnownFileType = sourcecode.c.h; path = CommonMainMenuView.h; sourceTree = "<group>"; };
		D2902B8621435AC100700C00 /* CommonMainMenuViewItem.m */ = {isa = PBXFileReference; fileEncoding = 4; lastKnownFileType = sourcecode.c.objc; path = CommonMainMenuViewItem.m; sourceTree = "<group>"; };
		D2902B8721435AC200700C00 /* CommonMainMenuView.m */ = {isa = PBXFileReference; fileEncoding = 4; lastKnownFileType = sourcecode.c.objc; path = CommonMainMenuView.m; sourceTree = "<group>"; };
		D2902B8A21435ACE00700C00 /* CommonMainController.h */ = {isa = PBXFileReference; fileEncoding = 4; lastKnownFileType = sourcecode.c.h; path = CommonMainController.h; sourceTree = "<group>"; };
		D2902B8B21435ACE00700C00 /* CommonMainController.m */ = {isa = PBXFileReference; fileEncoding = 4; lastKnownFileType = sourcecode.c.objc; path = CommonMainController.m; sourceTree = "<group>"; };
		D2902B8C21435ACE00700C00 /* CommonRootController.h */ = {isa = PBXFileReference; fileEncoding = 4; lastKnownFileType = sourcecode.c.h; path = CommonRootController.h; sourceTree = "<group>"; };
		D2902B8D21435ACF00700C00 /* CommonRootController.m */ = {isa = PBXFileReference; fileEncoding = 4; lastKnownFileType = sourcecode.c.objc; path = CommonRootController.m; sourceTree = "<group>"; };
		D2902B9121435BE500700C00 /* Common.h */ = {isa = PBXFileReference; lastKnownFileType = sourcecode.c.h; path = Common.h; sourceTree = "<group>"; };
		D2902B962143631300700C00 /* MJRefreshAutoFooter.h */ = {isa = PBXFileReference; fileEncoding = 4; lastKnownFileType = sourcecode.c.h; path = MJRefreshAutoFooter.h; sourceTree = "<group>"; };
		D2902B972143631300700C00 /* MJRefreshAutoFooter.m */ = {isa = PBXFileReference; fileEncoding = 4; lastKnownFileType = sourcecode.c.objc; path = MJRefreshAutoFooter.m; sourceTree = "<group>"; };
		D2902B982143631300700C00 /* MJRefreshBackFooter.h */ = {isa = PBXFileReference; fileEncoding = 4; lastKnownFileType = sourcecode.c.h; path = MJRefreshBackFooter.h; sourceTree = "<group>"; };
		D2902B992143631300700C00 /* MJRefreshBackFooter.m */ = {isa = PBXFileReference; fileEncoding = 4; lastKnownFileType = sourcecode.c.objc; path = MJRefreshBackFooter.m; sourceTree = "<group>"; };
		D2902B9A2143631300700C00 /* MJRefreshComponent.h */ = {isa = PBXFileReference; fileEncoding = 4; lastKnownFileType = sourcecode.c.h; path = MJRefreshComponent.h; sourceTree = "<group>"; };
		D2902B9B2143631300700C00 /* MJRefreshComponent.m */ = {isa = PBXFileReference; fileEncoding = 4; lastKnownFileType = sourcecode.c.objc; path = MJRefreshComponent.m; sourceTree = "<group>"; };
		D2902B9C2143631300700C00 /* MJRefreshFooter.h */ = {isa = PBXFileReference; fileEncoding = 4; lastKnownFileType = sourcecode.c.h; path = MJRefreshFooter.h; sourceTree = "<group>"; };
		D2902B9D2143631300700C00 /* MJRefreshFooter.m */ = {isa = PBXFileReference; fileEncoding = 4; lastKnownFileType = sourcecode.c.objc; path = MJRefreshFooter.m; sourceTree = "<group>"; };
		D2902B9E2143631300700C00 /* MJRefreshHeader.h */ = {isa = PBXFileReference; fileEncoding = 4; lastKnownFileType = sourcecode.c.h; path = MJRefreshHeader.h; sourceTree = "<group>"; };
		D2902B9F2143631300700C00 /* MJRefreshHeader.m */ = {isa = PBXFileReference; fileEncoding = 4; lastKnownFileType = sourcecode.c.objc; path = MJRefreshHeader.m; sourceTree = "<group>"; };
		D2902BA32143631300700C00 /* MJRefreshAutoGifFooter.h */ = {isa = PBXFileReference; fileEncoding = 4; lastKnownFileType = sourcecode.c.h; path = MJRefreshAutoGifFooter.h; sourceTree = "<group>"; };
		D2902BA42143631300700C00 /* MJRefreshAutoGifFooter.m */ = {isa = PBXFileReference; fileEncoding = 4; lastKnownFileType = sourcecode.c.objc; path = MJRefreshAutoGifFooter.m; sourceTree = "<group>"; };
		D2902BA52143631300700C00 /* MJRefreshAutoNormalFooter.h */ = {isa = PBXFileReference; fileEncoding = 4; lastKnownFileType = sourcecode.c.h; path = MJRefreshAutoNormalFooter.h; sourceTree = "<group>"; };
		D2902BA62143631300700C00 /* MJRefreshAutoNormalFooter.m */ = {isa = PBXFileReference; fileEncoding = 4; lastKnownFileType = sourcecode.c.objc; path = MJRefreshAutoNormalFooter.m; sourceTree = "<group>"; };
		D2902BA72143631300700C00 /* MJRefreshAutoStateFooter.h */ = {isa = PBXFileReference; fileEncoding = 4; lastKnownFileType = sourcecode.c.h; path = MJRefreshAutoStateFooter.h; sourceTree = "<group>"; };
		D2902BA82143631300700C00 /* MJRefreshAutoStateFooter.m */ = {isa = PBXFileReference; fileEncoding = 4; lastKnownFileType = sourcecode.c.objc; path = MJRefreshAutoStateFooter.m; sourceTree = "<group>"; };
		D2902BAA2143631300700C00 /* MJRefreshBackGifFooter.h */ = {isa = PBXFileReference; fileEncoding = 4; lastKnownFileType = sourcecode.c.h; path = MJRefreshBackGifFooter.h; sourceTree = "<group>"; };
		D2902BAB2143631300700C00 /* MJRefreshBackGifFooter.m */ = {isa = PBXFileReference; fileEncoding = 4; lastKnownFileType = sourcecode.c.objc; path = MJRefreshBackGifFooter.m; sourceTree = "<group>"; };
		D2902BAC2143631300700C00 /* MJRefreshBackNormalFooter.h */ = {isa = PBXFileReference; fileEncoding = 4; lastKnownFileType = sourcecode.c.h; path = MJRefreshBackNormalFooter.h; sourceTree = "<group>"; };
		D2902BAD2143631300700C00 /* MJRefreshBackNormalFooter.m */ = {isa = PBXFileReference; fileEncoding = 4; lastKnownFileType = sourcecode.c.objc; path = MJRefreshBackNormalFooter.m; sourceTree = "<group>"; };
		D2902BAE2143631300700C00 /* MJRefreshBackStateFooter.h */ = {isa = PBXFileReference; fileEncoding = 4; lastKnownFileType = sourcecode.c.h; path = MJRefreshBackStateFooter.h; sourceTree = "<group>"; };
		D2902BAF2143631300700C00 /* MJRefreshBackStateFooter.m */ = {isa = PBXFileReference; fileEncoding = 4; lastKnownFileType = sourcecode.c.objc; path = MJRefreshBackStateFooter.m; sourceTree = "<group>"; };
		D2902BB12143631300700C00 /* MJRefreshGifHeader.h */ = {isa = PBXFileReference; fileEncoding = 4; lastKnownFileType = sourcecode.c.h; path = MJRefreshGifHeader.h; sourceTree = "<group>"; };
		D2902BB22143631300700C00 /* MJRefreshGifHeader.m */ = {isa = PBXFileReference; fileEncoding = 4; lastKnownFileType = sourcecode.c.objc; path = MJRefreshGifHeader.m; sourceTree = "<group>"; };
		D2902BB32143631300700C00 /* MJRefreshNormalHeader.h */ = {isa = PBXFileReference; fileEncoding = 4; lastKnownFileType = sourcecode.c.h; path = MJRefreshNormalHeader.h; sourceTree = "<group>"; };
		D2902BB42143631300700C00 /* MJRefreshNormalHeader.m */ = {isa = PBXFileReference; fileEncoding = 4; lastKnownFileType = sourcecode.c.objc; path = MJRefreshNormalHeader.m; sourceTree = "<group>"; };
		D2902BB52143631300700C00 /* MJRefreshStateHeader.h */ = {isa = PBXFileReference; fileEncoding = 4; lastKnownFileType = sourcecode.c.h; path = MJRefreshStateHeader.h; sourceTree = "<group>"; };
		D2902BB62143631300700C00 /* MJRefreshStateHeader.m */ = {isa = PBXFileReference; fileEncoding = 4; lastKnownFileType = sourcecode.c.objc; path = MJRefreshStateHeader.m; sourceTree = "<group>"; };
		D2902BB72143631300700C00 /* MJRefresh.bundle */ = {isa = PBXFileReference; lastKnownFileType = "wrapper.plug-in"; path = MJRefresh.bundle; sourceTree = "<group>"; };
		D2902BB82143631300700C00 /* MJRefresh.h */ = {isa = PBXFileReference; fileEncoding = 4; lastKnownFileType = sourcecode.c.h; path = MJRefresh.h; sourceTree = "<group>"; };
		D2902BB92143631300700C00 /* MJRefreshConst.h */ = {isa = PBXFileReference; fileEncoding = 4; lastKnownFileType = sourcecode.c.h; path = MJRefreshConst.h; sourceTree = "<group>"; };
		D2902BBA2143631300700C00 /* MJRefreshConst.m */ = {isa = PBXFileReference; fileEncoding = 4; lastKnownFileType = sourcecode.c.objc; path = MJRefreshConst.m; sourceTree = "<group>"; };
		D2902BBB2143631300700C00 /* NSBundle+MJRefresh.h */ = {isa = PBXFileReference; fileEncoding = 4; lastKnownFileType = sourcecode.c.h; path = "NSBundle+MJRefresh.h"; sourceTree = "<group>"; };
		D2902BBC2143631300700C00 /* NSBundle+MJRefresh.m */ = {isa = PBXFileReference; fileEncoding = 4; lastKnownFileType = sourcecode.c.objc; path = "NSBundle+MJRefresh.m"; sourceTree = "<group>"; };
		D2902BBD2143631300700C00 /* UIScrollView+MJExtension.h */ = {isa = PBXFileReference; fileEncoding = 4; lastKnownFileType = sourcecode.c.h; path = "UIScrollView+MJExtension.h"; sourceTree = "<group>"; };
		D2902BBE2143631300700C00 /* UIScrollView+MJExtension.m */ = {isa = PBXFileReference; fileEncoding = 4; lastKnownFileType = sourcecode.c.objc; path = "UIScrollView+MJExtension.m"; sourceTree = "<group>"; };
		D2902BBF2143631300700C00 /* UIScrollView+MJRefresh.h */ = {isa = PBXFileReference; fileEncoding = 4; lastKnownFileType = sourcecode.c.h; path = "UIScrollView+MJRefresh.h"; sourceTree = "<group>"; };
		D2902BC02143631300700C00 /* UIScrollView+MJRefresh.m */ = {isa = PBXFileReference; fileEncoding = 4; lastKnownFileType = sourcecode.c.objc; path = "UIScrollView+MJRefresh.m"; sourceTree = "<group>"; };
		D2902BC12143631300700C00 /* UIView+MJExtension.h */ = {isa = PBXFileReference; fileEncoding = 4; lastKnownFileType = sourcecode.c.h; path = "UIView+MJExtension.h"; sourceTree = "<group>"; };
		D2902BC22143631300700C00 /* UIView+MJExtension.m */ = {isa = PBXFileReference; fileEncoding = 4; lastKnownFileType = sourcecode.c.objc; path = "UIView+MJExtension.m"; sourceTree = "<group>"; };
		D2902BC52143631400700C00 /* YYCache.h */ = {isa = PBXFileReference; fileEncoding = 4; lastKnownFileType = sourcecode.c.h; path = YYCache.h; sourceTree = "<group>"; };
		D2902BC62143631400700C00 /* YYCache.m */ = {isa = PBXFileReference; fileEncoding = 4; lastKnownFileType = sourcecode.c.objc; path = YYCache.m; sourceTree = "<group>"; };
		D2902BC72143631400700C00 /* YYDiskCache.h */ = {isa = PBXFileReference; fileEncoding = 4; lastKnownFileType = sourcecode.c.h; path = YYDiskCache.h; sourceTree = "<group>"; };
		D2902BC82143631400700C00 /* YYDiskCache.m */ = {isa = PBXFileReference; fileEncoding = 4; lastKnownFileType = sourcecode.c.objc; path = YYDiskCache.m; sourceTree = "<group>"; };
		D2902BC92143631400700C00 /* YYKVStorage.h */ = {isa = PBXFileReference; fileEncoding = 4; lastKnownFileType = sourcecode.c.h; path = YYKVStorage.h; sourceTree = "<group>"; };
		D2902BCA2143631400700C00 /* YYKVStorage.m */ = {isa = PBXFileReference; fileEncoding = 4; lastKnownFileType = sourcecode.c.objc; path = YYKVStorage.m; sourceTree = "<group>"; };
		D2902BCB2143631400700C00 /* YYMemoryCache.h */ = {isa = PBXFileReference; fileEncoding = 4; lastKnownFileType = sourcecode.c.h; path = YYMemoryCache.h; sourceTree = "<group>"; };
		D2902BCC2143631400700C00 /* YYMemoryCache.m */ = {isa = PBXFileReference; fileEncoding = 4; lastKnownFileType = sourcecode.c.objc; path = YYMemoryCache.m; sourceTree = "<group>"; };
		D2902BCE2143631400700C00 /* _YYWebImageSetter.h */ = {isa = PBXFileReference; fileEncoding = 4; lastKnownFileType = sourcecode.c.h; path = _YYWebImageSetter.h; sourceTree = "<group>"; };
		D2902BCF2143631400700C00 /* _YYWebImageSetter.m */ = {isa = PBXFileReference; fileEncoding = 4; lastKnownFileType = sourcecode.c.objc; path = _YYWebImageSetter.m; sourceTree = "<group>"; };
		D2902BD02143631400700C00 /* CALayer+YYWebImage.h */ = {isa = PBXFileReference; fileEncoding = 4; lastKnownFileType = sourcecode.c.h; path = "CALayer+YYWebImage.h"; sourceTree = "<group>"; };
		D2902BD12143631400700C00 /* CALayer+YYWebImage.m */ = {isa = PBXFileReference; fileEncoding = 4; lastKnownFileType = sourcecode.c.objc; path = "CALayer+YYWebImage.m"; sourceTree = "<group>"; };
		D2902BD22143631400700C00 /* MKAnnotationView+YYWebImage.h */ = {isa = PBXFileReference; fileEncoding = 4; lastKnownFileType = sourcecode.c.h; path = "MKAnnotationView+YYWebImage.h"; sourceTree = "<group>"; };
		D2902BD32143631400700C00 /* MKAnnotationView+YYWebImage.m */ = {isa = PBXFileReference; fileEncoding = 4; lastKnownFileType = sourcecode.c.objc; path = "MKAnnotationView+YYWebImage.m"; sourceTree = "<group>"; };
		D2902BD42143631400700C00 /* UIButton+YYWebImage.h */ = {isa = PBXFileReference; fileEncoding = 4; lastKnownFileType = sourcecode.c.h; path = "UIButton+YYWebImage.h"; sourceTree = "<group>"; };
		D2902BD52143631400700C00 /* UIButton+YYWebImage.m */ = {isa = PBXFileReference; fileEncoding = 4; lastKnownFileType = sourcecode.c.objc; path = "UIButton+YYWebImage.m"; sourceTree = "<group>"; };
		D2902BD62143631400700C00 /* UIImage+YYWebImage.h */ = {isa = PBXFileReference; fileEncoding = 4; lastKnownFileType = sourcecode.c.h; path = "UIImage+YYWebImage.h"; sourceTree = "<group>"; };
		D2902BD72143631400700C00 /* UIImage+YYWebImage.m */ = {isa = PBXFileReference; fileEncoding = 4; lastKnownFileType = sourcecode.c.objc; path = "UIImage+YYWebImage.m"; sourceTree = "<group>"; };
		D2902BD82143631400700C00 /* UIImageView+YYWebImage.h */ = {isa = PBXFileReference; fileEncoding = 4; lastKnownFileType = sourcecode.c.h; path = "UIImageView+YYWebImage.h"; sourceTree = "<group>"; };
		D2902BD92143631400700C00 /* UIImageView+YYWebImage.m */ = {isa = PBXFileReference; fileEncoding = 4; lastKnownFileType = sourcecode.c.objc; path = "UIImageView+YYWebImage.m"; sourceTree = "<group>"; };
		D2902BDB2143631400700C00 /* YYAnimatedImageView.h */ = {isa = PBXFileReference; fileEncoding = 4; lastKnownFileType = sourcecode.c.h; path = YYAnimatedImageView.h; sourceTree = "<group>"; };
		D2902BDC2143631400700C00 /* YYAnimatedImageView.m */ = {isa = PBXFileReference; fileEncoding = 4; lastKnownFileType = sourcecode.c.objc; path = YYAnimatedImageView.m; sourceTree = "<group>"; };
		D2902BDD2143631400700C00 /* YYFrameImage.h */ = {isa = PBXFileReference; fileEncoding = 4; lastKnownFileType = sourcecode.c.h; path = YYFrameImage.h; sourceTree = "<group>"; };
		D2902BDE2143631400700C00 /* YYFrameImage.m */ = {isa = PBXFileReference; fileEncoding = 4; lastKnownFileType = sourcecode.c.objc; path = YYFrameImage.m; sourceTree = "<group>"; };
		D2902BDF2143631400700C00 /* YYImage.h */ = {isa = PBXFileReference; fileEncoding = 4; lastKnownFileType = sourcecode.c.h; path = YYImage.h; sourceTree = "<group>"; };
		D2902BE02143631400700C00 /* YYImage.m */ = {isa = PBXFileReference; fileEncoding = 4; lastKnownFileType = sourcecode.c.objc; path = YYImage.m; sourceTree = "<group>"; };
		D2902BE12143631400700C00 /* YYImageCoder.h */ = {isa = PBXFileReference; fileEncoding = 4; lastKnownFileType = sourcecode.c.h; path = YYImageCoder.h; sourceTree = "<group>"; };
		D2902BE22143631400700C00 /* YYImageCoder.m */ = {isa = PBXFileReference; fileEncoding = 4; lastKnownFileType = sourcecode.c.objc; path = YYImageCoder.m; sourceTree = "<group>"; };
		D2902BE32143631400700C00 /* YYSpriteSheetImage.h */ = {isa = PBXFileReference; fileEncoding = 4; lastKnownFileType = sourcecode.c.h; path = YYSpriteSheetImage.h; sourceTree = "<group>"; };
		D2902BE42143631400700C00 /* YYSpriteSheetImage.m */ = {isa = PBXFileReference; fileEncoding = 4; lastKnownFileType = sourcecode.c.objc; path = YYSpriteSheetImage.m; sourceTree = "<group>"; };
		D2902BE52143631400700C00 /* YYImageCache.h */ = {isa = PBXFileReference; fileEncoding = 4; lastKnownFileType = sourcecode.c.h; path = YYImageCache.h; sourceTree = "<group>"; };
		D2902BE62143631400700C00 /* YYImageCache.m */ = {isa = PBXFileReference; fileEncoding = 4; lastKnownFileType = sourcecode.c.objc; path = YYImageCache.m; sourceTree = "<group>"; };
		D2902BE72143631400700C00 /* YYWebImage.h */ = {isa = PBXFileReference; fileEncoding = 4; lastKnownFileType = sourcecode.c.h; path = YYWebImage.h; sourceTree = "<group>"; };
		D2902BE82143631400700C00 /* YYWebImageManager.h */ = {isa = PBXFileReference; fileEncoding = 4; lastKnownFileType = sourcecode.c.h; path = YYWebImageManager.h; sourceTree = "<group>"; };
		D2902BE92143631400700C00 /* YYWebImageManager.m */ = {isa = PBXFileReference; fileEncoding = 4; lastKnownFileType = sourcecode.c.objc; path = YYWebImageManager.m; sourceTree = "<group>"; };
		D2902BEA2143631400700C00 /* YYWebImageOperation.h */ = {isa = PBXFileReference; fileEncoding = 4; lastKnownFileType = sourcecode.c.h; path = YYWebImageOperation.h; sourceTree = "<group>"; };
		D2902BEB2143631400700C00 /* YYWebImageOperation.m */ = {isa = PBXFileReference; fileEncoding = 4; lastKnownFileType = sourcecode.c.objc; path = YYWebImageOperation.m; sourceTree = "<group>"; };
		D2A43B6021D29755005C69D8 /* MainNavigationController.h */ = {isa = PBXFileReference; lastKnownFileType = sourcecode.c.h; path = MainNavigationController.h; sourceTree = "<group>"; };
		D2A43B6121D29755005C69D8 /* MainNavigationController.m */ = {isa = PBXFileReference; lastKnownFileType = sourcecode.c.objc; path = MainNavigationController.m; sourceTree = "<group>"; };
		D2A43B6321D2976A005C69D8 /* MainTabBarController.h */ = {isa = PBXFileReference; lastKnownFileType = sourcecode.c.h; path = MainTabBarController.h; sourceTree = "<group>"; };
		D2A43B6421D2976A005C69D8 /* MainTabBarController.m */ = {isa = PBXFileReference; lastKnownFileType = sourcecode.c.objc; path = MainTabBarController.m; sourceTree = "<group>"; };
		D2A43B6621D29780005C69D8 /* MainBoxController.h */ = {isa = PBXFileReference; lastKnownFileType = sourcecode.c.h; path = MainBoxController.h; sourceTree = "<group>"; };
		D2A43B6721D29780005C69D8 /* MainBoxController.m */ = {isa = PBXFileReference; lastKnownFileType = sourcecode.c.objc; path = MainBoxController.m; sourceTree = "<group>"; };
		D2A43B7821D29852005C69D8 /* YCMineVC.h */ = {isa = PBXFileReference; lastKnownFileType = sourcecode.c.h; path = YCMineVC.h; sourceTree = "<group>"; };
		D2A43B7921D29852005C69D8 /* YCMineVC.m */ = {isa = PBXFileReference; lastKnownFileType = sourcecode.c.objc; path = YCMineVC.m; sourceTree = "<group>"; };
		D2A43B7B21D29871005C69D8 /* YCCourseVC.h */ = {isa = PBXFileReference; lastKnownFileType = sourcecode.c.h; path = YCCourseVC.h; sourceTree = "<group>"; };
		D2A43B7C21D29871005C69D8 /* YCCourseVC.m */ = {isa = PBXFileReference; lastKnownFileType = sourcecode.c.objc; path = YCCourseVC.m; sourceTree = "<group>"; };
		D2A43B7E21D298A2005C69D8 /* YCLiveVC.h */ = {isa = PBXFileReference; lastKnownFileType = sourcecode.c.h; path = YCLiveVC.h; sourceTree = "<group>"; };
		D2A43B7F21D298A2005C69D8 /* YCLiveVC.m */ = {isa = PBXFileReference; lastKnownFileType = sourcecode.c.objc; path = YCLiveVC.m; sourceTree = "<group>"; };
		D2A43B8121D298C6005C69D8 /* YCQuestionBankVC.h */ = {isa = PBXFileReference; lastKnownFileType = sourcecode.c.h; path = YCQuestionBankVC.h; sourceTree = "<group>"; };
		D2A43B8221D298C6005C69D8 /* YCQuestionBankVC.m */ = {isa = PBXFileReference; lastKnownFileType = sourcecode.c.objc; path = YCQuestionBankVC.m; sourceTree = "<group>"; };
		D2A43B8421D298D4005C69D8 /* YCHomeVC.h */ = {isa = PBXFileReference; lastKnownFileType = sourcecode.c.h; path = YCHomeVC.h; sourceTree = "<group>"; };
		D2A43B8521D298D4005C69D8 /* YCHomeVC.m */ = {isa = PBXFileReference; lastKnownFileType = sourcecode.c.objc; path = YCHomeVC.m; sourceTree = "<group>"; };
		D2A43B8721D29D31005C69D8 /* YCQuestionBankView.h */ = {isa = PBXFileReference; lastKnownFileType = sourcecode.c.h; path = YCQuestionBankView.h; sourceTree = "<group>"; };
		D2A43B8821D29D31005C69D8 /* YCQuestionBankView.m */ = {isa = PBXFileReference; lastKnownFileType = sourcecode.c.objc; path = YCQuestionBankView.m; sourceTree = "<group>"; };
		D2AAD3732159FDB000765B92 /* libstdc++.6.0.9.tbd */ = {isa = PBXFileReference; lastKnownFileType = "sourcecode.text-based-dylib-definition"; name = "libstdc++.6.0.9.tbd"; path = "usr/lib/libstdc++.6.0.9.tbd"; sourceTree = SDKROOT; };
		D2FA118421D30F6A001A9713 /* LQSKit.framework */ = {isa = PBXFileReference; lastKnownFileType = wrapper.framework; path = LQSKit.framework; sourceTree = "<group>"; };
/* End PBXFileReference section */

/* Begin PBXFrameworksBuildPhase section */
		D234130A213F40AE00644E4C /* Frameworks */ = {
			isa = PBXFrameworksBuildPhase;
			buildActionMask = 2147483647;
			files = (
				D23B183B213FAB9F0045BBD8 /* WebKit.framework in Frameworks */,
				D2AAD3742159FDB000765B92 /* libstdc++.6.0.9.tbd in Frameworks */,
				D2FA118521D30F6A001A9713 /* LQSKit.framework in Frameworks */,
			);
			runOnlyForDeploymentPostprocessing = 0;
		};
/* End PBXFrameworksBuildPhase section */

/* Begin PBXGroup section */
		D2341304213F40AE00644E4C = {
			isa = PBXGroup;
			children = (
				D2A43B5C21D296E0005C69D8 /* AppSetup */,
				D2341326213F40F300644E4C /* AppSetup(抛弃) */,
				D234130F213F40AE00644E4C /* RDKaoYaoShi */,
				D234130E213F40AE00644E4C /* Products */,
				D23B1839213FAB9B0045BBD8 /* Frameworks */,
			);
			sourceTree = "<group>";
		};
		D234130E213F40AE00644E4C /* Products */ = {
			isa = PBXGroup;
			children = (
				D234130D213F40AE00644E4C /* RDKaoYaoShi.app */,
			);
			name = Products;
			sourceTree = "<group>";
		};
		D234130F213F40AE00644E4C /* RDKaoYaoShi */ = {
			isa = PBXGroup;
			children = (
				D2341310213F40AE00644E4C /* AppDelegate.h */,
				D2341311213F40AE00644E4C /* AppDelegate.m */,
				D2341313213F40AE00644E4C /* ViewController.h */,
				D2341314213F40AE00644E4C /* ViewController.m */,
				D2341316213F40AE00644E4C /* Main.storyboard */,
				D2341319213F40AE00644E4C /* Assets.xcassets */,
				D234131B213F40AE00644E4C /* LaunchScreen.storyboard */,
				D234131E213F40AE00644E4C /* Info.plist */,
				D234131F213F40AE00644E4C /* main.m */,
			);
			path = RDKaoYaoShi;
			sourceTree = "<group>";
		};
		D2341326213F40F300644E4C /* AppSetup(抛弃) */ = {
			isa = PBXGroup;
			children = (
				D2902B8121435AA700700C00 /* Common */,
				D23B17D0213F952C0045BBD8 /* Other */,
				D234132B213F413100644E4C /* Request */,
				D234132A213F412700644E4C /* Resource */,
				D2341329213F412000644E4C /* View */,
				D2341328213F411900644E4C /* Controller */,
			);
			path = "AppSetup(抛弃)";
			sourceTree = "<group>";
		};
		D2341327213F40FE00644E4C /* Library */ = {
			isa = PBXGroup;
			children = (
				D2FA118421D30F6A001A9713 /* LQSKit.framework */,
				D2902B942143631300700C00 /* MJRefresh */,
				D2902BC32143631400700C00 /* YYWebImage */,
				D23B17D2213F95740045BBD8 /* Masonry */,
			);
			path = Library;
			sourceTree = "<group>";
		};
		D2341328213F411900644E4C /* Controller */ = {
			isa = PBXGroup;
			children = (
				D234132F213F415100644E4C /* Main */,
				D234132E213F414B00644E4C /* Other */,
			);
			path = Controller;
			sourceTree = "<group>";
		};
		D2341329213F412000644E4C /* View */ = {
			isa = PBXGroup;
			children = (
				D234132C213F413F00644E4C /* Main */,
				D234132D213F414400644E4C /* Other */,
			);
			path = View;
			sourceTree = "<group>";
		};
		D234132A213F412700644E4C /* Resource */ = {
			isa = PBXGroup;
			children = (
			);
			path = Resource;
			sourceTree = "<group>";
		};
		D234132B213F413100644E4C /* Request */ = {
			isa = PBXGroup;
			children = (
				D26A96BC2147559100A63930 /* HomeUserOrderDetailsRequest.h */,
				D26A96BD2147559100A63930 /* HomeUserOrderDetailsRequest.m */,
				D26A96BF21475CFC00A63930 /* HomeActityRecommendListRequest.h */,
				D26A96C021475CFC00A63930 /* HomeActityRecommendListRequest.m */,
				D272D954214766A1004606DA /* HomeActityListRequest.h */,
				D272D955214766A1004606DA /* HomeActityListRequest.m */,
				D24F8BE7214B55D200DD74E7 /* CourseTypeRequest.h */,
				D24F8BE8214B55D200DD74E7 /* CourseTypeRequest.m */,
			);
			path = Request;
			sourceTree = "<group>";
		};
		D234132C213F413F00644E4C /* Main */ = {
			isa = PBXGroup;
			children = (
				D24F8BDF214B549F00DD74E7 /* 选择课程 */,
				D24F8BDA214B53DC00DD74E7 /* 课程 */,
				D272D95E21477048004606DA /* 活动精选 */,
				D23B1848213FAF2B0045BBD8 /* 首页 */,
				D23B1830213F9BD00045BBD8 /* Main */,
			);
			path = Main;
			sourceTree = "<group>";
		};
		D234132D213F414400644E4C /* Other */ = {
			isa = PBXGroup;
			children = (
			);
			path = Other;
			sourceTree = "<group>";
		};
		D234132E213F414B00644E4C /* Other */ = {
			isa = PBXGroup;
			children = (
			);
			path = Other;
			sourceTree = "<group>";
		};
		D234132F213F415100644E4C /* Main */ = {
			isa = PBXGroup;
			children = (
				D24F8BE3214B54CB00DD74E7 /* 选择课程 */,
				D272D95A21476FE9004606DA /* 活动精选 */,
				D272D950214763EA004606DA /* 网页 */,
				D2341337213F423800644E4C /* 首页 */,
				D2341336213F423200644E4C /* 题库 */,
				D2341335213F422A00644E4C /* 直播 */,
				D2341334213F422300644E4C /* 课程 */,
				D2341333213F421000644E4C /* 我的 */,
				D2341332213F420700644E4C /* Main */,
				D2341331213F41FD00644E4C /* Root */,
				D2341330213F41EE00644E4C /* 登录页 */,
			);
			path = Main;
			sourceTree = "<group>";
		};
		D2341330213F41EE00644E4C /* 登录页 */ = {
			isa = PBXGroup;
			children = (
			);
			path = "登录页";
			sourceTree = "<group>";
		};
		D2341331213F41FD00644E4C /* Root */ = {
			isa = PBXGroup;
			children = (
				D23B182A213F9B830045BBD8 /* RD__RootController.h */,
				D23B182B213F9B830045BBD8 /* RD__RootController.m */,
			);
			path = Root;
			sourceTree = "<group>";
		};
		D2341332213F420700644E4C /* Main */ = {
			isa = PBXGroup;
			children = (
				D23B182D213F9BAB0045BBD8 /* RD__MainController.h */,
				D23B182E213F9BAB0045BBD8 /* RD__MainController.m */,
			);
			path = Main;
			sourceTree = "<group>";
		};
		D2341333213F421000644E4C /* 我的 */ = {
			isa = PBXGroup;
			children = (
				D23B1845213FAE410045BBD8 /* RD__MineController.h */,
				D23B1846213FAE410045BBD8 /* RD__MineController.m */,
			);
			path = "我的";
			sourceTree = "<group>";
		};
		D2341334213F422300644E4C /* 课程 */ = {
			isa = PBXGroup;
			children = (
				D23B1842213FAE230045BBD8 /* RD__CourseController.h */,
				D23B1843213FAE230045BBD8 /* RD__CourseController.m */,
			);
			path = "课程";
			sourceTree = "<group>";
		};
		D2341335213F422A00644E4C /* 直播 */ = {
			isa = PBXGroup;
			children = (
				D23B183F213FAE030045BBD8 /* RD__LiveBroadcastController.h */,
				D23B1840213FAE030045BBD8 /* RD__LiveBroadcastController.m */,
			);
			path = "直播";
			sourceTree = "<group>";
		};
		D2341336213F423200644E4C /* 题库 */ = {
			isa = PBXGroup;
			children = (
				D23B183C213FADD90045BBD8 /* RD__QuestionBankController.h */,
				D23B183D213FADD90045BBD8 /* RD__QuestionBankController.m */,
			);
			path = "题库";
			sourceTree = "<group>";
		};
		D2341337213F423800644E4C /* 首页 */ = {
			isa = PBXGroup;
			children = (
				D23B1827213F9AEB0045BBD8 /* RD__HomeController.h */,
				D23B1828213F9AEB0045BBD8 /* RD__HomeController.m */,
			);
			path = "首页";
			sourceTree = "<group>";
		};
		D23B17D0213F952C0045BBD8 /* Other */ = {
			isa = PBXGroup;
			children = (
			);
			path = Other;
			sourceTree = "<group>";
		};
		D23B17D2213F95740045BBD8 /* Masonry */ = {
			isa = PBXGroup;
			children = (
				D23B17D3213F95740045BBD8 /* MASCompositeConstraint.h */,
				D23B17D4213F95740045BBD8 /* MASCompositeConstraint.m */,
				D23B17D5213F95740045BBD8 /* MASConstraint+Private.h */,
				D23B17D6213F95740045BBD8 /* MASConstraint.h */,
				D23B17D7213F95740045BBD8 /* MASConstraint.m */,
				D23B17D8213F95740045BBD8 /* MASConstraintMaker.h */,
				D23B17D9213F95740045BBD8 /* MASConstraintMaker.m */,
				D23B17DA213F95740045BBD8 /* MASLayoutConstraint.h */,
				D23B17DB213F95740045BBD8 /* MASLayoutConstraint.m */,
				D23B17DC213F95740045BBD8 /* Masonry.h */,
				D23B17DD213F95740045BBD8 /* MASUtilities.h */,
				D23B17DE213F95740045BBD8 /* MASViewAttribute.h */,
				D23B17DF213F95740045BBD8 /* MASViewAttribute.m */,
				D23B17E0213F95740045BBD8 /* MASViewConstraint.h */,
				D23B17E1213F95740045BBD8 /* MASViewConstraint.m */,
				D23B17E2213F95740045BBD8 /* NSArray+MASAdditions.h */,
				D23B17E3213F95740045BBD8 /* NSArray+MASAdditions.m */,
				D23B17E4213F95740045BBD8 /* NSArray+MASShorthandAdditions.h */,
				D23B17E5213F95740045BBD8 /* NSLayoutConstraint+MASDebugAdditions.h */,
				D23B17E6213F95740045BBD8 /* NSLayoutConstraint+MASDebugAdditions.m */,
				D23B17E7213F95740045BBD8 /* View+MASAdditions.h */,
				D23B17E8213F95740045BBD8 /* View+MASAdditions.m */,
				D23B17E9213F95740045BBD8 /* View+MASShorthandAdditions.h */,
				D23B17EA213F95740045BBD8 /* ViewController+MASAdditions.h */,
				D23B17EB213F95740045BBD8 /* ViewController+MASAdditions.m */,
			);
			path = Masonry;
			sourceTree = "<group>";
		};
		D23B1830213F9BD00045BBD8 /* Main */ = {
			isa = PBXGroup;
			children = (
				D23B1831213F9BE90045BBD8 /* RD__MainMenuView.h */,
				D23B1832213F9BE90045BBD8 /* RD__MainMenuView.m */,
				D23B1834213F9C180045BBD8 /* RD__MainMenuViewItem.h */,
				D23B1835213F9C180045BBD8 /* RD__MainMenuViewItem.m */,
			);
			path = Main;
			sourceTree = "<group>";
		};
		D23B1839213FAB9B0045BBD8 /* Frameworks */ = {
			isa = PBXGroup;
			children = (
				D2AAD3732159FDB000765B92 /* libstdc++.6.0.9.tbd */,
				D23B183A213FAB9C0045BBD8 /* WebKit.framework */,
			);
			name = Frameworks;
			sourceTree = "<group>";
		};
		D23B1848213FAF2B0045BBD8 /* 首页 */ = {
			isa = PBXGroup;
			children = (
				D23B1849213FAF3F0045BBD8 /* RD__HomeView.h */,
				D23B184A213FAF3F0045BBD8 /* RD__HomeView.m */,
				D23B184C213FB03C0045BBD8 /* RD__HomeCollectionReusableHeader.h */,
				D23B184D213FB03C0045BBD8 /* RD__HomeCollectionReusableHeader.m */,
				D23B184F213FB0810045BBD8 /* RD__HomeCollectionReusableActivity.h */,
				D23B1850213FB0810045BBD8 /* RD__HomeCollectionReusableActivity.m */,
				D23B1852213FB0D10045BBD8 /* RD__HomeCollectionReusableLiveBroadcastCalendar.h */,
				D23B1853213FB0D10045BBD8 /* RD__HomeCollectionReusableLiveBroadcastCalendar.m */,
				D23B1855213FB1060045BBD8 /* RD__HomeCollectionReusableRecommendLiveBroadcast.h */,
				D23B1856213FB1060045BBD8 /* RD__HomeCollectionReusableRecommendLiveBroadcast.m */,
				D23B1858213FB13A0045BBD8 /* RD__HomeCollectionReusableRecommendCourse.h */,
				D23B1859213FB13A0045BBD8 /* RD__HomeCollectionReusableRecommendCourse.m */,
				D23B185B213FB1790045BBD8 /* RD__HomeCollectionReusableTopActivities.h */,
				D23B185C213FB1790045BBD8 /* RD__HomeCollectionReusableTopActivities.m */,
				D26A96C2214760DC00A63930 /* RD__HomeCollectionReusableActivityCell.h */,
				D26A96C3214760DC00A63930 /* RD__HomeCollectionReusableActivityCell.m */,
				D272D95721476861004606DA /* RD__HomeCollectionReusableTopActivitiesCell.h */,
				D272D95821476861004606DA /* RD__HomeCollectionReusableTopActivitiesCell.m */,
			);
			path = "首页";
			sourceTree = "<group>";
		};
		D24F8BDA214B53DC00DD74E7 /* 课程 */ = {
			isa = PBXGroup;
			children = (
				D24F8BDB214B53EE00DD74E7 /* RD__CourseView.h */,
				D24F8BDC214B53EE00DD74E7 /* RD__CourseView.m */,
			);
			path = "课程";
			sourceTree = "<group>";
		};
		D24F8BDF214B549F00DD74E7 /* 选择课程 */ = {
			isa = PBXGroup;
			children = (
				D24F8BE0214B54B500DD74E7 /* RD__SelectedCourseView.h */,
				D24F8BE1214B54B500DD74E7 /* RD__SelectedCourseView.m */,
			);
			path = "选择课程";
			sourceTree = "<group>";
		};
		D24F8BE3214B54CB00DD74E7 /* 选择课程 */ = {
			isa = PBXGroup;
			children = (
				D24F8BE4214B54E200DD74E7 /* RD__SelectedCourseController.h */,
				D24F8BE5214B54E200DD74E7 /* RD__SelectedCourseController.m */,
			);
			path = "选择课程";
			sourceTree = "<group>";
		};
		D272D950214763EA004606DA /* 网页 */ = {
			isa = PBXGroup;
			children = (
				D272D951214764F6004606DA /* RD__WebDetailController.h */,
				D272D952214764F6004606DA /* RD__WebDetailController.m */,
			);
			path = "网页";
			sourceTree = "<group>";
		};
		D272D95A21476FE9004606DA /* 活动精选 */ = {
			isa = PBXGroup;
			children = (
				D272D95B21477035004606DA /* RD__ActityListController.h */,
				D272D95C21477035004606DA /* RD__ActityListController.m */,
			);
			path = "活动精选";
			sourceTree = "<group>";
		};
		D272D95E21477048004606DA /* 活动精选 */ = {
			isa = PBXGroup;
			children = (
				D272D95F2147706F004606DA /* RD__ActityListView.h */,
				D272D9602147706F004606DA /* RD__ActityListView.m */,
			);
			path = "活动精选";
			sourceTree = "<group>";
		};
		D2902B8121435AA700700C00 /* Common */ = {
			isa = PBXGroup;
			children = (
				D2902B8321435AB500700C00 /* View */,
				D2902B8221435AAE00700C00 /* Controller */,
				D2902B9121435BE500700C00 /* Common.h */,
			);
			path = Common;
			sourceTree = "<group>";
		};
		D2902B8221435AAE00700C00 /* Controller */ = {
			isa = PBXGroup;
			children = (
				D2902B8A21435ACE00700C00 /* CommonMainController.h */,
				D2902B8B21435ACE00700C00 /* CommonMainController.m */,
				D2902B8C21435ACE00700C00 /* CommonRootController.h */,
				D2902B8D21435ACF00700C00 /* CommonRootController.m */,
			);
			path = Controller;
			sourceTree = "<group>";
		};
		D2902B8321435AB500700C00 /* View */ = {
			isa = PBXGroup;
			children = (
				D2902B8521435AC100700C00 /* CommonMainMenuView.h */,
				D2902B8721435AC200700C00 /* CommonMainMenuView.m */,
				D2902B8421435AC100700C00 /* CommonMainMenuViewItem.h */,
				D2902B8621435AC100700C00 /* CommonMainMenuViewItem.m */,
			);
			path = View;
			sourceTree = "<group>";
		};
		D2902B942143631300700C00 /* MJRefresh */ = {
			isa = PBXGroup;
			children = (
				D2902B952143631300700C00 /* Base */,
				D2902BA02143631300700C00 /* Custom */,
				D2902BB72143631300700C00 /* MJRefresh.bundle */,
				D2902BB82143631300700C00 /* MJRefresh.h */,
				D2902BB92143631300700C00 /* MJRefreshConst.h */,
				D2902BBA2143631300700C00 /* MJRefreshConst.m */,
				D2902BBB2143631300700C00 /* NSBundle+MJRefresh.h */,
				D2902BBC2143631300700C00 /* NSBundle+MJRefresh.m */,
				D2902BBD2143631300700C00 /* UIScrollView+MJExtension.h */,
				D2902BBE2143631300700C00 /* UIScrollView+MJExtension.m */,
				D2902BBF2143631300700C00 /* UIScrollView+MJRefresh.h */,
				D2902BC02143631300700C00 /* UIScrollView+MJRefresh.m */,
				D2902BC12143631300700C00 /* UIView+MJExtension.h */,
				D2902BC22143631300700C00 /* UIView+MJExtension.m */,
			);
			path = MJRefresh;
			sourceTree = "<group>";
		};
		D2902B952143631300700C00 /* Base */ = {
			isa = PBXGroup;
			children = (
				D2902B962143631300700C00 /* MJRefreshAutoFooter.h */,
				D2902B972143631300700C00 /* MJRefreshAutoFooter.m */,
				D2902B982143631300700C00 /* MJRefreshBackFooter.h */,
				D2902B992143631300700C00 /* MJRefreshBackFooter.m */,
				D2902B9A2143631300700C00 /* MJRefreshComponent.h */,
				D2902B9B2143631300700C00 /* MJRefreshComponent.m */,
				D2902B9C2143631300700C00 /* MJRefreshFooter.h */,
				D2902B9D2143631300700C00 /* MJRefreshFooter.m */,
				D2902B9E2143631300700C00 /* MJRefreshHeader.h */,
				D2902B9F2143631300700C00 /* MJRefreshHeader.m */,
			);
			path = Base;
			sourceTree = "<group>";
		};
		D2902BA02143631300700C00 /* Custom */ = {
			isa = PBXGroup;
			children = (
				D2902BA12143631300700C00 /* Footer */,
				D2902BB02143631300700C00 /* Header */,
			);
			path = Custom;
			sourceTree = "<group>";
		};
		D2902BA12143631300700C00 /* Footer */ = {
			isa = PBXGroup;
			children = (
				D2902BA22143631300700C00 /* Auto */,
				D2902BA92143631300700C00 /* Back */,
			);
			path = Footer;
			sourceTree = "<group>";
		};
		D2902BA22143631300700C00 /* Auto */ = {
			isa = PBXGroup;
			children = (
				D2902BA32143631300700C00 /* MJRefreshAutoGifFooter.h */,
				D2902BA42143631300700C00 /* MJRefreshAutoGifFooter.m */,
				D2902BA52143631300700C00 /* MJRefreshAutoNormalFooter.h */,
				D2902BA62143631300700C00 /* MJRefreshAutoNormalFooter.m */,
				D2902BA72143631300700C00 /* MJRefreshAutoStateFooter.h */,
				D2902BA82143631300700C00 /* MJRefreshAutoStateFooter.m */,
			);
			path = Auto;
			sourceTree = "<group>";
		};
		D2902BA92143631300700C00 /* Back */ = {
			isa = PBXGroup;
			children = (
				D2902BAA2143631300700C00 /* MJRefreshBackGifFooter.h */,
				D2902BAB2143631300700C00 /* MJRefreshBackGifFooter.m */,
				D2902BAC2143631300700C00 /* MJRefreshBackNormalFooter.h */,
				D2902BAD2143631300700C00 /* MJRefreshBackNormalFooter.m */,
				D2902BAE2143631300700C00 /* MJRefreshBackStateFooter.h */,
				D2902BAF2143631300700C00 /* MJRefreshBackStateFooter.m */,
			);
			path = Back;
			sourceTree = "<group>";
		};
		D2902BB02143631300700C00 /* Header */ = {
			isa = PBXGroup;
			children = (
				D2902BB12143631300700C00 /* MJRefreshGifHeader.h */,
				D2902BB22143631300700C00 /* MJRefreshGifHeader.m */,
				D2902BB32143631300700C00 /* MJRefreshNormalHeader.h */,
				D2902BB42143631300700C00 /* MJRefreshNormalHeader.m */,
				D2902BB52143631300700C00 /* MJRefreshStateHeader.h */,
				D2902BB62143631300700C00 /* MJRefreshStateHeader.m */,
			);
			path = Header;
			sourceTree = "<group>";
		};
		D2902BC32143631400700C00 /* YYWebImage */ = {
			isa = PBXGroup;
			children = (
				D2902BC42143631400700C00 /* Cache */,
				D2902BCD2143631400700C00 /* Categories */,
				D2902BDA2143631400700C00 /* Image */,
				D2902BE52143631400700C00 /* YYImageCache.h */,
				D2902BE62143631400700C00 /* YYImageCache.m */,
				D2902BE72143631400700C00 /* YYWebImage.h */,
				D2902BE82143631400700C00 /* YYWebImageManager.h */,
				D2902BE92143631400700C00 /* YYWebImageManager.m */,
				D2902BEA2143631400700C00 /* YYWebImageOperation.h */,
				D2902BEB2143631400700C00 /* YYWebImageOperation.m */,
			);
			path = YYWebImage;
			sourceTree = "<group>";
		};
		D2902BC42143631400700C00 /* Cache */ = {
			isa = PBXGroup;
			children = (
				D2902BC52143631400700C00 /* YYCache.h */,
				D2902BC62143631400700C00 /* YYCache.m */,
				D2902BC72143631400700C00 /* YYDiskCache.h */,
				D2902BC82143631400700C00 /* YYDiskCache.m */,
				D2902BC92143631400700C00 /* YYKVStorage.h */,
				D2902BCA2143631400700C00 /* YYKVStorage.m */,
				D2902BCB2143631400700C00 /* YYMemoryCache.h */,
				D2902BCC2143631400700C00 /* YYMemoryCache.m */,
			);
			path = Cache;
			sourceTree = "<group>";
		};
		D2902BCD2143631400700C00 /* Categories */ = {
			isa = PBXGroup;
			children = (
				D2902BCE2143631400700C00 /* _YYWebImageSetter.h */,
				D2902BCF2143631400700C00 /* _YYWebImageSetter.m */,
				D2902BD02143631400700C00 /* CALayer+YYWebImage.h */,
				D2902BD12143631400700C00 /* CALayer+YYWebImage.m */,
				D2902BD22143631400700C00 /* MKAnnotationView+YYWebImage.h */,
				D2902BD32143631400700C00 /* MKAnnotationView+YYWebImage.m */,
				D2902BD42143631400700C00 /* UIButton+YYWebImage.h */,
				D2902BD52143631400700C00 /* UIButton+YYWebImage.m */,
				D2902BD62143631400700C00 /* UIImage+YYWebImage.h */,
				D2902BD72143631400700C00 /* UIImage+YYWebImage.m */,
				D2902BD82143631400700C00 /* UIImageView+YYWebImage.h */,
				D2902BD92143631400700C00 /* UIImageView+YYWebImage.m */,
			);
			path = Categories;
			sourceTree = "<group>";
		};
		D2902BDA2143631400700C00 /* Image */ = {
			isa = PBXGroup;
			children = (
				D2902BDB2143631400700C00 /* YYAnimatedImageView.h */,
				D2902BDC2143631400700C00 /* YYAnimatedImageView.m */,
				D2902BDD2143631400700C00 /* YYFrameImage.h */,
				D2902BDE2143631400700C00 /* YYFrameImage.m */,
				D2902BDF2143631400700C00 /* YYImage.h */,
				D2902BE02143631400700C00 /* YYImage.m */,
				D2902BE12143631400700C00 /* YYImageCoder.h */,
				D2902BE22143631400700C00 /* YYImageCoder.m */,
				D2902BE32143631400700C00 /* YYSpriteSheetImage.h */,
				D2902BE42143631400700C00 /* YYSpriteSheetImage.m */,
			);
			path = Image;
			sourceTree = "<group>";
		};
		D2A43B5C21D296E0005C69D8 /* AppSetup */ = {
			isa = PBXGroup;
			children = (
				D2341327213F40FE00644E4C /* Library */,
				D2A43B5F21D29733005C69D8 /* Common */,
				D2A43B5E21D2972D005C69D8 /* Main */,
				D2A43B5D21D29724005C69D8 /* Section */,
			);
			path = AppSetup;
			sourceTree = "<group>";
		};
		D2A43B5D21D29724005C69D8 /* Section */ = {
			isa = PBXGroup;
			children = (
				D2A43B9721D2A35C005C69D8 /* 我的-我的直播 */,
				D2A43B9621D2A353005C69D8 /* 我的-课程下载 */,
				D2A43B9521D2A34A005C69D8 /* 我的-我的课程 */,
				D2A43B9421D2A323005C69D8 /* 我的-修改密码 */,
				D2A43B9321D2A318005C69D8 /* 我的-个人消息 */,
				D2A43B9221D2A2E9005C69D8 /* 课程-选择学校项目 */,
				D2A43B9121D2A29D005C69D8 /* 直播-直播回看 */,
				D2A43B9021D2A20B005C69D8 /* 题库-模拟考试-随机组卷(准考证) */,
				D2A43B8F21D2A191005C69D8 /* 题库-模拟考试-历年真题 */,
				D2A43B8E21D2A141005C69D8 /* 题库-错题笔记 */,
				D2A43B8D21D2A117005C69D8 /* 题库-收藏题目 */,
				D2A43B8C21D2A0F9005C69D8 /* 题库-模拟考试 */,
				D2A43B8B21D2A0EE005C69D8 /* 题库-章节练习 */,
				D2A43B8A21D2A0DD005C69D8 /* 题库-考点速记 */,
				D2A43B6D21D297E5005C69D8 /* 我的 */,
				D2A43B6C21D297DC005C69D8 /* 课程 */,
				D2A43B6B21D297D6005C69D8 /* 直播 */,
				D2A43B6A21D297CB005C69D8 /* 题库 */,
				D2A43B6921D297C1005C69D8 /* 首页 */,
			);
			path = Section;
			sourceTree = "<group>";
		};
		D2A43B5E21D2972D005C69D8 /* Main */ = {
			isa = PBXGroup;
			children = (
				D2A43B6021D29755005C69D8 /* MainNavigationController.h */,
				D2A43B6121D29755005C69D8 /* MainNavigationController.m */,
				D2A43B6321D2976A005C69D8 /* MainTabBarController.h */,
				D2A43B6421D2976A005C69D8 /* MainTabBarController.m */,
				D2A43B6621D29780005C69D8 /* MainBoxController.h */,
				D2A43B6721D29780005C69D8 /* MainBoxController.m */,
			);
			path = Main;
			sourceTree = "<group>";
		};
		D2A43B5F21D29733005C69D8 /* Common */ = {
			isa = PBXGroup;
			children = (
				D23B17D1213F954C0045BBD8 /* KaoYaoShiPrefixHeader.pch */,
			);
			path = Common;
			sourceTree = "<group>";
		};
		D2A43B6921D297C1005C69D8 /* 首页 */ = {
			isa = PBXGroup;
			children = (
				D2A43B7721D29838005C69D8 /* Controller */,
				D2A43B7621D29834005C69D8 /* View */,
			);
			path = "首页";
			sourceTree = "<group>";
		};
		D2A43B6A21D297CB005C69D8 /* 题库 */ = {
			isa = PBXGroup;
			children = (
				D2A43B7521D2982E005C69D8 /* Controller */,
				D2A43B7421D2982A005C69D8 /* View */,
			);
			path = "题库";
			sourceTree = "<group>";
		};
		D2A43B6B21D297D6005C69D8 /* 直播 */ = {
			isa = PBXGroup;
			children = (
				D2A43B7321D29825005C69D8 /* Controller */,
				D2A43B7221D29821005C69D8 /* View */,
			);
			path = "直播";
			sourceTree = "<group>";
		};
		D2A43B6C21D297DC005C69D8 /* 课程 */ = {
			isa = PBXGroup;
			children = (
				D2A43B7121D2981D005C69D8 /* Controller */,
				D2A43B7021D2981A005C69D8 /* View */,
			);
			path = "课程";
			sourceTree = "<group>";
		};
		D2A43B6D21D297E5005C69D8 /* 我的 */ = {
			isa = PBXGroup;
			children = (
				D2A43B6F21D29814005C69D8 /* Controller */,
				D2A43B6E21D2980F005C69D8 /* View */,
			);
			path = "我的";
			sourceTree = "<group>";
		};
		D2A43B6E21D2980F005C69D8 /* View */ = {
			isa = PBXGroup;
			children = (
			);
			path = View;
			sourceTree = "<group>";
		};
		D2A43B6F21D29814005C69D8 /* Controller */ = {
			isa = PBXGroup;
			children = (
				D2A43B7821D29852005C69D8 /* YCMineVC.h */,
				D2A43B7921D29852005C69D8 /* YCMineVC.m */,
			);
			path = Controller;
			sourceTree = "<group>";
		};
		D2A43B7021D2981A005C69D8 /* View */ = {
			isa = PBXGroup;
			children = (
			);
			path = View;
			sourceTree = "<group>";
		};
		D2A43B7121D2981D005C69D8 /* Controller */ = {
			isa = PBXGroup;
			children = (
				D2A43B7B21D29871005C69D8 /* YCCourseVC.h */,
				D2A43B7C21D29871005C69D8 /* YCCourseVC.m */,
			);
			path = Controller;
			sourceTree = "<group>";
		};
		D2A43B7221D29821005C69D8 /* View */ = {
			isa = PBXGroup;
			children = (
			);
			path = View;
			sourceTree = "<group>";
		};
		D2A43B7321D29825005C69D8 /* Controller */ = {
			isa = PBXGroup;
			children = (
				D2A43B7E21D298A2005C69D8 /* YCLiveVC.h */,
				D2A43B7F21D298A2005C69D8 /* YCLiveVC.m */,
			);
			path = Controller;
			sourceTree = "<group>";
		};
		D2A43B7421D2982A005C69D8 /* View */ = {
			isa = PBXGroup;
			children = (
				D2A43B8721D29D31005C69D8 /* YCQuestionBankView.h */,
				D2A43B8821D29D31005C69D8 /* YCQuestionBankView.m */,
			);
			path = View;
			sourceTree = "<group>";
		};
		D2A43B7521D2982E005C69D8 /* Controller */ = {
			isa = PBXGroup;
			children = (
				D2A43B8121D298C6005C69D8 /* YCQuestionBankVC.h */,
				D2A43B8221D298C6005C69D8 /* YCQuestionBankVC.m */,
			);
			path = Controller;
			sourceTree = "<group>";
		};
		D2A43B7621D29834005C69D8 /* View */ = {
			isa = PBXGroup;
			children = (
			);
			path = View;
			sourceTree = "<group>";
		};
		D2A43B7721D29838005C69D8 /* Controller */ = {
			isa = PBXGroup;
			children = (
				D2A43B8421D298D4005C69D8 /* YCHomeVC.h */,
				D2A43B8521D298D4005C69D8 /* YCHomeVC.m */,
			);
			path = Controller;
			sourceTree = "<group>";
		};
		D2A43B8A21D2A0DD005C69D8 /* 题库-考点速记 */ = {
			isa = PBXGroup;
			children = (
			);
			path = "题库-考点速记";
			sourceTree = "<group>";
		};
		D2A43B8B21D2A0EE005C69D8 /* 题库-章节练习 */ = {
			isa = PBXGroup;
			children = (
			);
			path = "题库-章节练习";
			sourceTree = "<group>";
		};
		D2A43B8C21D2A0F9005C69D8 /* 题库-模拟考试 */ = {
			isa = PBXGroup;
			children = (
			);
			path = "题库-模拟考试";
			sourceTree = "<group>";
		};
		D2A43B8D21D2A117005C69D8 /* 题库-收藏题目 */ = {
			isa = PBXGroup;
			children = (
			);
			path = "题库-收藏题目";
			sourceTree = "<group>";
		};
		D2A43B8E21D2A141005C69D8 /* 题库-错题笔记 */ = {
			isa = PBXGroup;
			children = (
			);
			path = "题库-错题笔记";
			sourceTree = "<group>";
		};
		D2A43B8F21D2A191005C69D8 /* 题库-模拟考试-历年真题 */ = {
			isa = PBXGroup;
			children = (
			);
			path = "题库-模拟考试-历年真题";
			sourceTree = "<group>";
		};
		D2A43B9021D2A20B005C69D8 /* 题库-模拟考试-随机组卷(准考证) */ = {
			isa = PBXGroup;
			children = (
			);
			path = "题库-模拟考试-随机组卷(准考证)";
			sourceTree = "<group>";
		};
		D2A43B9121D2A29D005C69D8 /* 直播-直播回看 */ = {
			isa = PBXGroup;
			children = (
			);
			path = "直播-直播回看";
			sourceTree = "<group>";
		};
		D2A43B9221D2A2E9005C69D8 /* 课程-选择学校项目 */ = {
			isa = PBXGroup;
			children = (
			);
			path = "课程-选择学校项目";
			sourceTree = "<group>";
		};
		D2A43B9321D2A318005C69D8 /* 我的-个人消息 */ = {
			isa = PBXGroup;
			children = (
			);
			path = "我的-个人消息";
			sourceTree = "<group>";
		};
		D2A43B9421D2A323005C69D8 /* 我的-修改密码 */ = {
			isa = PBXGroup;
			children = (
			);
			path = "我的-修改密码";
			sourceTree = "<group>";
		};
		D2A43B9521D2A34A005C69D8 /* 我的-我的课程 */ = {
			isa = PBXGroup;
			children = (
			);
			path = "我的-我的课程";
			sourceTree = "<group>";
		};
		D2A43B9621D2A353005C69D8 /* 我的-课程下载 */ = {
			isa = PBXGroup;
			children = (
			);
			path = "我的-课程下载";
			sourceTree = "<group>";
		};
		D2A43B9721D2A35C005C69D8 /* 我的-我的直播 */ = {
			isa = PBXGroup;
			children = (
			);
			path = "我的-我的直播";
			sourceTree = "<group>";
		};
/* End PBXGroup section */

/* Begin PBXNativeTarget section */
		D234130C213F40AE00644E4C /* RDKaoYaoShi */ = {
			isa = PBXNativeTarget;
			buildConfigurationList = D2341323213F40AE00644E4C /* Build configuration list for PBXNativeTarget "RDKaoYaoShi" */;
			buildPhases = (
				D2341309213F40AE00644E4C /* Sources */,
				D234130A213F40AE00644E4C /* Frameworks */,
				D234130B213F40AE00644E4C /* Resources */,
			);
			buildRules = (
			);
			dependencies = (
			);
			name = RDKaoYaoShi;
			productName = RDKaoYaoShi;
			productReference = D234130D213F40AE00644E4C /* RDKaoYaoShi.app */;
			productType = "com.apple.product-type.application";
		};
/* End PBXNativeTarget section */

/* Begin PBXProject section */
		D2341305213F40AE00644E4C /* Project object */ = {
			isa = PBXProject;
			attributes = {
				LastUpgradeCheck = 0910;
				ORGANIZATIONNAME = muzico;
				TargetAttributes = {
					D234130C213F40AE00644E4C = {
						CreatedOnToolsVersion = 9.1;
						ProvisioningStyle = Automatic;
					};
				};
			};
			buildConfigurationList = D2341308213F40AE00644E4C /* Build configuration list for PBXProject "RDKaoYaoShi" */;
			compatibilityVersion = "Xcode 8.0";
			developmentRegion = en;
			hasScannedForEncodings = 0;
			knownRegions = (
				en,
				Base,
			);
			mainGroup = D2341304213F40AE00644E4C;
			productRefGroup = D234130E213F40AE00644E4C /* Products */;
			projectDirPath = "";
			projectRoot = "";
			targets = (
				D234130C213F40AE00644E4C /* RDKaoYaoShi */,
			);
		};
/* End PBXProject section */

/* Begin PBXResourcesBuildPhase section */
		D234130B213F40AE00644E4C /* Resources */ = {
			isa = PBXResourcesBuildPhase;
			buildActionMask = 2147483647;
			files = (
				D234131D213F40AE00644E4C /* LaunchScreen.storyboard in Resources */,
				D234131A213F40AE00644E4C /* Assets.xcassets in Resources */,
				D2902BFA2143631400700C00 /* MJRefresh.bundle in Resources */,
				D2341318213F40AE00644E4C /* Main.storyboard in Resources */,
			);
			runOnlyForDeploymentPostprocessing = 0;
		};
/* End PBXResourcesBuildPhase section */

/* Begin PBXSourcesBuildPhase section */
		D2341309213F40AE00644E4C /* Sources */ = {
			isa = PBXSourcesBuildPhase;
			buildActionMask = 2147483647;
			files = (
				D272D95921476861004606DA /* RD__HomeCollectionReusableTopActivitiesCell.m in Sources */,
				D2A43B6221D29755005C69D8 /* MainNavigationController.m in Sources */,
				D2A43B8021D298A2005C69D8 /* YCLiveVC.m in Sources */,
				D2902C082143631400700C00 /* UIImage+YYWebImage.m in Sources */,
				D2902B8821435AC200700C00 /* CommonMainMenuViewItem.m in Sources */,
				D2902C0F2143631400700C00 /* YYImageCache.m in Sources */,
				D2902BFC2143631400700C00 /* NSBundle+MJRefresh.m in Sources */,
				D23B17F3213F95740045BBD8 /* NSLayoutConstraint+MASDebugAdditions.m in Sources */,
				D2902C042143631400700C00 /* _YYWebImageSetter.m in Sources */,
				D23B1851213FB0810045BBD8 /* RD__HomeCollectionReusableActivity.m in Sources */,
				D2902BFD2143631400700C00 /* UIScrollView+MJExtension.m in Sources */,
				D2902C052143631400700C00 /* CALayer+YYWebImage.m in Sources */,
				D2902B8E21435ACF00700C00 /* CommonMainController.m in Sources */,
				D26A96C4214760DC00A63930 /* RD__HomeCollectionReusableActivityCell.m in Sources */,
				D24F8BE2214B54B500DD74E7 /* RD__SelectedCourseView.m in Sources */,
				D2902BF12143631400700C00 /* MJRefreshAutoGifFooter.m in Sources */,
				D23B17F1213F95740045BBD8 /* MASViewConstraint.m in Sources */,
				D2902C102143631400700C00 /* YYWebImageManager.m in Sources */,
				D23B1854213FB0D10045BBD8 /* RD__HomeCollectionReusableLiveBroadcastCalendar.m in Sources */,
				D2902C022143631400700C00 /* YYKVStorage.m in Sources */,
				D2902BF42143631400700C00 /* MJRefreshBackGifFooter.m in Sources */,
				D2902C0E2143631400700C00 /* YYSpriteSheetImage.m in Sources */,
				D2902BFB2143631400700C00 /* MJRefreshConst.m in Sources */,
				D272D95D21477035004606DA /* RD__ActityListController.m in Sources */,
				D26A96C121475CFC00A63930 /* HomeActityRecommendListRequest.m in Sources */,
				D2A43B7D21D29871005C69D8 /* YCCourseVC.m in Sources */,
				D23B184E213FB03C0045BBD8 /* RD__HomeCollectionReusableHeader.m in Sources */,
				D2902B8F21435ACF00700C00 /* CommonRootController.m in Sources */,
				D2902C092143631400700C00 /* UIImageView+YYWebImage.m in Sources */,
				D23B183E213FADD90045BBD8 /* RD__QuestionBankController.m in Sources */,
				D24F8BDD214B53EE00DD74E7 /* RD__CourseView.m in Sources */,
				D23B17EC213F95740045BBD8 /* MASCompositeConstraint.m in Sources */,
				D2902BF62143631400700C00 /* MJRefreshBackStateFooter.m in Sources */,
				D2902C0D2143631400700C00 /* YYImageCoder.m in Sources */,
				D2902BF92143631400700C00 /* MJRefreshStateHeader.m in Sources */,
				D23B17F2213F95740045BBD8 /* NSArray+MASAdditions.m in Sources */,
				D2A43B6821D29780005C69D8 /* MainBoxController.m in Sources */,
				D2341315213F40AE00644E4C /* ViewController.m in Sources */,
				D23B1836213F9C180045BBD8 /* RD__MainMenuViewItem.m in Sources */,
				D2341320213F40AE00644E4C /* main.m in Sources */,
				D23B1829213F9AEB0045BBD8 /* RD__HomeController.m in Sources */,
				D2902BF02143631400700C00 /* MJRefreshHeader.m in Sources */,
				D23B17EF213F95740045BBD8 /* MASLayoutConstraint.m in Sources */,
				D2902C0C2143631400700C00 /* YYImage.m in Sources */,
				D272D956214766A1004606DA /* HomeActityListRequest.m in Sources */,
				D2902BEC2143631400700C00 /* MJRefreshAutoFooter.m in Sources */,
				D2902C0A2143631400700C00 /* YYAnimatedImageView.m in Sources */,
				D2902C072143631400700C00 /* UIButton+YYWebImage.m in Sources */,
				D2902C062143631400700C00 /* MKAnnotationView+YYWebImage.m in Sources */,
				D2902BEF2143631400700C00 /* MJRefreshFooter.m in Sources */,
				D2341312213F40AE00644E4C /* AppDelegate.m in Sources */,
				D2902BF22143631400700C00 /* MJRefreshAutoNormalFooter.m in Sources */,
				D23B17F5213F95740045BBD8 /* ViewController+MASAdditions.m in Sources */,
				D2A43B6521D2976A005C69D8 /* MainTabBarController.m in Sources */,
				D23B17F4213F95740045BBD8 /* View+MASAdditions.m in Sources */,
				D24F8BE9214B55D200DD74E7 /* CourseTypeRequest.m in Sources */,
				D23B17F0213F95740045BBD8 /* MASViewAttribute.m in Sources */,
				D23B1847213FAE410045BBD8 /* RD__MineController.m in Sources */,
				D2902C032143631400700C00 /* YYMemoryCache.m in Sources */,
				D24F8BE6214B54E200DD74E7 /* RD__SelectedCourseController.m in Sources */,
				D2902C0B2143631400700C00 /* YYFrameImage.m in Sources */,
				D2902BF52143631400700C00 /* MJRefreshBackNormalFooter.m in Sources */,
				D2902C112143631400700C00 /* YYWebImageOperation.m in Sources */,
				D2A43B8921D29D31005C69D8 /* YCQuestionBankView.m in Sources */,
				D23B184B213FAF3F0045BBD8 /* RD__HomeView.m in Sources */,
				D2902BF82143631400700C00 /* MJRefreshNormalHeader.m in Sources */,
				D2902BFF2143631400700C00 /* UIView+MJExtension.m in Sources */,
				D2902C002143631400700C00 /* YYCache.m in Sources */,
				D23B182F213F9BAB0045BBD8 /* RD__MainController.m in Sources */,
				D23B1841213FAE030045BBD8 /* RD__LiveBroadcastController.m in Sources */,
				D2A43B8621D298D4005C69D8 /* YCHomeVC.m in Sources */,
				D272D953214764F6004606DA /* RD__WebDetailController.m in Sources */,
				D2902C012143631400700C00 /* YYDiskCache.m in Sources */,
				D23B1857213FB1060045BBD8 /* RD__HomeCollectionReusableRecommendLiveBroadcast.m in Sources */,
				D2902BF72143631400700C00 /* MJRefreshGifHeader.m in Sources */,
				D272D9612147706F004606DA /* RD__ActityListView.m in Sources */,
				D23B17ED213F95740045BBD8 /* MASConstraint.m in Sources */,
				D23B1844213FAE230045BBD8 /* RD__CourseController.m in Sources */,
				D2902BED2143631400700C00 /* MJRefreshBackFooter.m in Sources */,
				D2A43B8321D298C6005C69D8 /* YCQuestionBankVC.m in Sources */,
				D23B1833213F9BE90045BBD8 /* RD__MainMenuView.m in Sources */,
				D23B185A213FB13A0045BBD8 /* RD__HomeCollectionReusableRecommendCourse.m in Sources */,
				D2902BFE2143631400700C00 /* UIScrollView+MJRefresh.m in Sources */,
				D23B17EE213F95740045BBD8 /* MASConstraintMaker.m in Sources */,
				D2902BEE2143631400700C00 /* MJRefreshComponent.m in Sources */,
				D2902BF32143631400700C00 /* MJRefreshAutoStateFooter.m in Sources */,
				D23B185D213FB1790045BBD8 /* RD__HomeCollectionReusableTopActivities.m in Sources */,
				D23B182C213F9B830045BBD8 /* RD__RootController.m in Sources */,
				D2A43B7A21D29852005C69D8 /* YCMineVC.m in Sources */,
				D26A96BE2147559100A63930 /* HomeUserOrderDetailsRequest.m in Sources */,
				D2902B8921435AC200700C00 /* CommonMainMenuView.m in Sources */,
			);
			runOnlyForDeploymentPostprocessing = 0;
		};
/* End PBXSourcesBuildPhase section */

/* Begin PBXVariantGroup section */
		D2341316213F40AE00644E4C /* Main.storyboard */ = {
			isa = PBXVariantGroup;
			children = (
				D2341317213F40AE00644E4C /* Base */,
			);
			name = Main.storyboard;
			sourceTree = "<group>";
		};
		D234131B213F40AE00644E4C /* LaunchScreen.storyboard */ = {
			isa = PBXVariantGroup;
			children = (
				D234131C213F40AE00644E4C /* Base */,
			);
			name = LaunchScreen.storyboard;
			sourceTree = "<group>";
		};
/* End PBXVariantGroup section */

/* Begin XCBuildConfiguration section */
		D2341321213F40AE00644E4C /* Debug */ = {
			isa = XCBuildConfiguration;
			buildSettings = {
				ALWAYS_SEARCH_USER_PATHS = NO;
				CLANG_ANALYZER_NONNULL = YES;
				CLANG_ANALYZER_NUMBER_OBJECT_CONVERSION = YES_AGGRESSIVE;
				CLANG_CXX_LANGUAGE_STANDARD = "gnu++14";
				CLANG_CXX_LIBRARY = "libc++";
				CLANG_ENABLE_MODULES = YES;
				CLANG_ENABLE_OBJC_ARC = YES;
				CLANG_WARN_BLOCK_CAPTURE_AUTORELEASING = YES;
				CLANG_WARN_BOOL_CONVERSION = YES;
				CLANG_WARN_COMMA = YES;
				CLANG_WARN_CONSTANT_CONVERSION = YES;
				CLANG_WARN_DIRECT_OBJC_ISA_USAGE = YES_ERROR;
				CLANG_WARN_DOCUMENTATION_COMMENTS = YES;
				CLANG_WARN_EMPTY_BODY = YES;
				CLANG_WARN_ENUM_CONVERSION = YES;
				CLANG_WARN_INFINITE_RECURSION = YES;
				CLANG_WARN_INT_CONVERSION = YES;
				CLANG_WARN_NON_LITERAL_NULL_CONVERSION = YES;
				CLANG_WARN_OBJC_LITERAL_CONVERSION = YES;
				CLANG_WARN_OBJC_ROOT_CLASS = YES_ERROR;
				CLANG_WARN_RANGE_LOOP_ANALYSIS = YES;
				CLANG_WARN_STRICT_PROTOTYPES = YES;
				CLANG_WARN_SUSPICIOUS_MOVE = YES;
				CLANG_WARN_UNGUARDED_AVAILABILITY = YES_AGGRESSIVE;
				CLANG_WARN_UNREACHABLE_CODE = YES;
				CLANG_WARN__DUPLICATE_METHOD_MATCH = YES;
				CODE_SIGN_IDENTITY = "iPhone Developer";
				COPY_PHASE_STRIP = NO;
				DEBUG_INFORMATION_FORMAT = dwarf;
				ENABLE_STRICT_OBJC_MSGSEND = YES;
				ENABLE_TESTABILITY = YES;
				GCC_C_LANGUAGE_STANDARD = gnu11;
				GCC_DYNAMIC_NO_PIC = NO;
				GCC_NO_COMMON_BLOCKS = YES;
				GCC_OPTIMIZATION_LEVEL = 0;
				GCC_PREPROCESSOR_DEFINITIONS = (
					"DEBUG=1",
					"$(inherited)",
				);
				GCC_WARN_64_TO_32_BIT_CONVERSION = YES;
				GCC_WARN_ABOUT_RETURN_TYPE = YES_ERROR;
				GCC_WARN_UNDECLARED_SELECTOR = YES;
				GCC_WARN_UNINITIALIZED_AUTOS = YES_AGGRESSIVE;
				GCC_WARN_UNUSED_FUNCTION = YES;
				GCC_WARN_UNUSED_VARIABLE = YES;
				IPHONEOS_DEPLOYMENT_TARGET = 7.0;
				MTL_ENABLE_DEBUG_INFO = YES;
				ONLY_ACTIVE_ARCH = YES;
				SDKROOT = iphoneos;
			};
			name = Debug;
		};
		D2341322213F40AE00644E4C /* Release */ = {
			isa = XCBuildConfiguration;
			buildSettings = {
				ALWAYS_SEARCH_USER_PATHS = NO;
				CLANG_ANALYZER_NONNULL = YES;
				CLANG_ANALYZER_NUMBER_OBJECT_CONVERSION = YES_AGGRESSIVE;
				CLANG_CXX_LANGUAGE_STANDARD = "gnu++14";
				CLANG_CXX_LIBRARY = "libc++";
				CLANG_ENABLE_MODULES = YES;
				CLANG_ENABLE_OBJC_ARC = YES;
				CLANG_WARN_BLOCK_CAPTURE_AUTORELEASING = YES;
				CLANG_WARN_BOOL_CONVERSION = YES;
				CLANG_WARN_COMMA = YES;
				CLANG_WARN_CONSTANT_CONVERSION = YES;
				CLANG_WARN_DIRECT_OBJC_ISA_USAGE = YES_ERROR;
				CLANG_WARN_DOCUMENTATION_COMMENTS = YES;
				CLANG_WARN_EMPTY_BODY = YES;
				CLANG_WARN_ENUM_CONVERSION = YES;
				CLANG_WARN_INFINITE_RECURSION = YES;
				CLANG_WARN_INT_CONVERSION = YES;
				CLANG_WARN_NON_LITERAL_NULL_CONVERSION = YES;
				CLANG_WARN_OBJC_LITERAL_CONVERSION = YES;
				CLANG_WARN_OBJC_ROOT_CLASS = YES_ERROR;
				CLANG_WARN_RANGE_LOOP_ANALYSIS = YES;
				CLANG_WARN_STRICT_PROTOTYPES = YES;
				CLANG_WARN_SUSPICIOUS_MOVE = YES;
				CLANG_WARN_UNGUARDED_AVAILABILITY = YES_AGGRESSIVE;
				CLANG_WARN_UNREACHABLE_CODE = YES;
				CLANG_WARN__DUPLICATE_METHOD_MATCH = YES;
				CODE_SIGN_IDENTITY = "iPhone Developer";
				COPY_PHASE_STRIP = NO;
				DEBUG_INFORMATION_FORMAT = "dwarf-with-dsym";
				ENABLE_NS_ASSERTIONS = NO;
				ENABLE_STRICT_OBJC_MSGSEND = YES;
				GCC_C_LANGUAGE_STANDARD = gnu11;
				GCC_NO_COMMON_BLOCKS = YES;
				GCC_WARN_64_TO_32_BIT_CONVERSION = YES;
				GCC_WARN_ABOUT_RETURN_TYPE = YES_ERROR;
				GCC_WARN_UNDECLARED_SELECTOR = YES;
				GCC_WARN_UNINITIALIZED_AUTOS = YES_AGGRESSIVE;
				GCC_WARN_UNUSED_FUNCTION = YES;
				GCC_WARN_UNUSED_VARIABLE = YES;
				IPHONEOS_DEPLOYMENT_TARGET = 7.0;
				MTL_ENABLE_DEBUG_INFO = NO;
				SDKROOT = iphoneos;
				VALIDATE_PRODUCT = YES;
			};
			name = Release;
		};
		D2341324213F40AE00644E4C /* Debug */ = {
			isa = XCBuildConfiguration;
			buildSettings = {
				ASSETCATALOG_COMPILER_APPICON_NAME = AppIcon;
				CODE_SIGN_STYLE = Automatic;
				DEVELOPMENT_TEAM = BJF33NPHSX;
				FRAMEWORK_SEARCH_PATHS = (
					"$(inherited)",
					"$(PROJECT_DIR)/AppSetup/Library",
				);
				GCC_PRECOMPILE_PREFIX_HEADER = YES;
				GCC_PREFIX_HEADER = "$(SRCROOT)/AppSetup/Common/KaoYaoShiPrefixHeader.pch";
				INFOPLIST_FILE = RDKaoYaoShi/Info.plist;
				LD_RUNPATH_SEARCH_PATHS = "$(inherited) @executable_path/Frameworks";
				LIBRARY_SEARCH_PATHS = (
					"$(inherited)",
					"$(PROJECT_DIR)/AppSetup/Library",
				);
				OTHER_LDFLAGS = (
					"-licucore",
					"-ObjC",
					"-all_load",
				);
				PRODUCT_BUNDLE_IDENTIFIER = com.muzico.RDKaoYaoShi;
				PRODUCT_NAME = "$(TARGET_NAME)";
				TARGETED_DEVICE_FAMILY = "1,2";
			};
			name = Debug;
		};
		D2341325213F40AE00644E4C /* Release */ = {
			isa = XCBuildConfiguration;
			buildSettings = {
				ASSETCATALOG_COMPILER_APPICON_NAME = AppIcon;
				CODE_SIGN_STYLE = Automatic;
				DEVELOPMENT_TEAM = BJF33NPHSX;
				FRAMEWORK_SEARCH_PATHS = (
					"$(inherited)",
					"$(PROJECT_DIR)/AppSetup/Library",
				);
				GCC_PRECOMPILE_PREFIX_HEADER = YES;
				GCC_PREFIX_HEADER = "$(SRCROOT)/AppSetup/Common/KaoYaoShiPrefixHeader.pch";
				INFOPLIST_FILE = RDKaoYaoShi/Info.plist;
				LD_RUNPATH_SEARCH_PATHS = "$(inherited) @executable_path/Frameworks";
				LIBRARY_SEARCH_PATHS = (
					"$(inherited)",
					"$(PROJECT_DIR)/AppSetup/Library",
				);
				OTHER_LDFLAGS = (
					"-licucore",
					"-ObjC",
					"-all_load",
				);
				PRODUCT_BUNDLE_IDENTIFIER = com.muzico.RDKaoYaoShi;
				PRODUCT_NAME = "$(TARGET_NAME)";
				TARGETED_DEVICE_FAMILY = "1,2";
			};
			name = Release;
		};
/* End XCBuildConfiguration section */

/* Begin XCConfigurationList section */
		D2341308213F40AE00644E4C /* Build configuration list for PBXProject "RDKaoYaoShi" */ = {
			isa = XCConfigurationList;
			buildConfigurations = (
				D2341321213F40AE00644E4C /* Debug */,
				D2341322213F40AE00644E4C /* Release */,
			);
			defaultConfigurationIsVisible = 0;
			defaultConfigurationName = Release;
		};
		D2341323213F40AE00644E4C /* Build configuration list for PBXNativeTarget "RDKaoYaoShi" */ = {
			isa = XCConfigurationList;
			buildConfigurations = (
				D2341324213F40AE00644E4C /* Debug */,
				D2341325213F40AE00644E4C /* Release */,
			);
			defaultConfigurationIsVisible = 0;
			defaultConfigurationName = Release;
		};
/* End XCConfigurationList section */
	};
	rootObject = D2341305213F40AE00644E4C /* Project object */;
}
